{
  "version": 4,
  "terraform_version": "1.2.2",
  "serial": 35,
  "lineage": "ded98091-c43c-9f85-096b-5d77c7950d1b",
  "outputs": {},
  "resources": [
    {
      "mode": "data",
      "type": "google_compute_default_service_account",
      "name": "default",
      "provider": "provider[\"registry.terraform.io/hashicorp/google\"]",
      "instances": [
        {
          "schema_version": 0,
          "attributes": {
            "display_name": "Compute Engine default service account",
            "email": "173572098342-compute@developer.gserviceaccount.com",
            "id": "projects/stride-nodes/serviceAccounts/173572098342-compute@developer.gserviceaccount.com",
            "name": "projects/stride-nodes/serviceAccounts/173572098342-compute@developer.gserviceaccount.com",
            "project": "stride-nodes",
            "unique_id": "101025145978742848324"
          },
          "sensitive_attributes": []
        }
      ]
    },
    {
      "mode": "managed",
      "type": "google_compute_address",
      "name": "internal-addresses",
      "provider": "provider[\"registry.terraform.io/hashicorp/google\"]",
      "instances": [
        {
          "index_key": 0,
          "schema_version": 0,
          "attributes": {
            "address": "34.83.153.237",
            "address_type": "EXTERNAL",
            "creation_timestamp": "2022-07-12T16:21:27.891-07:00",
            "description": "",
            "id": "projects/stride-nodes/regions/us-west1/addresses/staging-stride-node1",
            "name": "staging-stride-node1",
            "network": "",
            "network_tier": "PREMIUM",
            "prefix_length": 0,
            "project": "stride-nodes",
            "purpose": "",
            "region": "us-west1",
            "self_link": "https://www.googleapis.com/compute/v1/projects/stride-nodes/regions/us-west1/addresses/staging-stride-node1",
            "subnetwork": "",
            "timeouts": null,
            "users": [
              "https://www.googleapis.com/compute/v1/projects/stride-nodes/zones/us-west1-a/instances/staging-stride-node1"
            ]
          },
          "sensitive_attributes": [],
          "private": "eyJlMmJmYjczMC1lY2FhLTExZTYtOGY4OC0zNDM2M2JjN2M0YzAiOnsiY3JlYXRlIjoxMjAwMDAwMDAwMDAwLCJkZWxldGUiOjEyMDAwMDAwMDAwMDB9fQ=="
        },
        {
          "index_key": 1,
          "schema_version": 0,
          "attributes": {
            "address": "34.82.238.106",
            "address_type": "EXTERNAL",
            "creation_timestamp": "2022-07-12T16:21:27.797-07:00",
            "description": "",
            "id": "projects/stride-nodes/regions/us-west1/addresses/staging-stride-node2",
            "name": "staging-stride-node2",
            "network": "",
            "network_tier": "PREMIUM",
            "prefix_length": 0,
            "project": "stride-nodes",
            "purpose": "",
            "region": "us-west1",
            "self_link": "https://www.googleapis.com/compute/v1/projects/stride-nodes/regions/us-west1/addresses/staging-stride-node2",
            "subnetwork": "",
            "timeouts": null,
            "users": [
              "https://www.googleapis.com/compute/v1/projects/stride-nodes/zones/us-west1-a/instances/staging-stride-node2"
            ]
          },
          "sensitive_attributes": [],
          "private": "eyJlMmJmYjczMC1lY2FhLTExZTYtOGY4OC0zNDM2M2JjN2M0YzAiOnsiY3JlYXRlIjoxMjAwMDAwMDAwMDAwLCJkZWxldGUiOjEyMDAwMDAwMDAwMDB9fQ=="
        },
        {
          "index_key": 2,
          "schema_version": 0,
          "attributes": {
            "address": "34.83.92.175",
            "address_type": "EXTERNAL",
            "creation_timestamp": "2022-07-12T16:21:27.706-07:00",
            "description": "",
            "id": "projects/stride-nodes/regions/us-west1/addresses/staging-stride-node3",
            "name": "staging-stride-node3",
            "network": "",
            "network_tier": "PREMIUM",
            "prefix_length": 0,
            "project": "stride-nodes",
            "purpose": "",
            "region": "us-west1",
            "self_link": "https://www.googleapis.com/compute/v1/projects/stride-nodes/regions/us-west1/addresses/staging-stride-node3",
            "subnetwork": "",
            "timeouts": null,
            "users": [
              "https://www.googleapis.com/compute/v1/projects/stride-nodes/zones/us-west1-a/instances/staging-stride-node3"
            ]
          },
          "sensitive_attributes": [],
          "private": "eyJlMmJmYjczMC1lY2FhLTExZTYtOGY4OC0zNDM2M2JjN2M0YzAiOnsiY3JlYXRlIjoxMjAwMDAwMDAwMDAwLCJkZWxldGUiOjEyMDAwMDAwMDAwMDB9fQ=="
        },
        {
          "index_key": 3,
          "schema_version": 0,
          "attributes": {
            "address": "34.83.40.92",
            "address_type": "EXTERNAL",
            "creation_timestamp": "2022-07-12T16:21:27.893-07:00",
            "description": "",
            "id": "projects/stride-nodes/regions/us-west1/addresses/staging-gaia",
            "name": "staging-gaia",
            "network": "",
            "network_tier": "PREMIUM",
            "prefix_length": 0,
            "project": "stride-nodes",
            "purpose": "",
            "region": "us-west1",
            "self_link": "https://www.googleapis.com/compute/v1/projects/stride-nodes/regions/us-west1/addresses/staging-gaia",
            "subnetwork": "",
            "timeouts": null,
            "users": [
              "https://www.googleapis.com/compute/v1/projects/stride-nodes/zones/us-west1-a/instances/staging-gaia"
            ]
          },
          "sensitive_attributes": [],
          "private": "eyJlMmJmYjczMC1lY2FhLTExZTYtOGY4OC0zNDM2M2JjN2M0YzAiOnsiY3JlYXRlIjoxMjAwMDAwMDAwMDAwLCJkZWxldGUiOjEyMDAwMDAwMDAwMDB9fQ=="
        },
        {
          "index_key": 4,
          "schema_version": 0,
          "attributes": {
            "address": "35.230.127.28",
            "address_type": "EXTERNAL",
            "creation_timestamp": "2022-07-12T16:21:27.901-07:00",
            "description": "",
            "id": "projects/stride-nodes/regions/us-west1/addresses/staging-hermes",
            "name": "staging-hermes",
            "network": "",
            "network_tier": "PREMIUM",
            "prefix_length": 0,
            "project": "stride-nodes",
            "purpose": "",
            "region": "us-west1",
            "self_link": "https://www.googleapis.com/compute/v1/projects/stride-nodes/regions/us-west1/addresses/staging-hermes",
            "subnetwork": "",
            "timeouts": null,
            "users": [
              "https://www.googleapis.com/compute/v1/projects/stride-nodes/zones/us-west1-a/instances/staging-hermes"
            ]
          },
          "sensitive_attributes": [],
          "private": "eyJlMmJmYjczMC1lY2FhLTExZTYtOGY4OC0zNDM2M2JjN2M0YzAiOnsiY3JlYXRlIjoxMjAwMDAwMDAwMDAwLCJkZWxldGUiOjEyMDAwMDAwMDAwMDB9fQ=="
        },
        {
          "index_key": 5,
          "schema_version": 0,
          "attributes": {
            "address": "34.168.120.29",
            "address_type": "EXTERNAL",
            "creation_timestamp": "2022-07-12T16:21:27.897-07:00",
            "description": "",
            "id": "projects/stride-nodes/regions/us-west1/addresses/staging-icq",
            "name": "staging-icq",
            "network": "",
            "network_tier": "PREMIUM",
            "prefix_length": 0,
            "project": "stride-nodes",
            "purpose": "",
            "region": "us-west1",
            "self_link": "https://www.googleapis.com/compute/v1/projects/stride-nodes/regions/us-west1/addresses/staging-icq",
            "subnetwork": "",
            "timeouts": null,
            "users": [
              "https://www.googleapis.com/compute/v1/projects/stride-nodes/zones/us-west1-a/instances/staging-icq"
            ]
          },
          "sensitive_attributes": [],
          "private": "eyJlMmJmYjczMC1lY2FhLTExZTYtOGY4OC0zNDM2M2JjN2M0YzAiOnsiY3JlYXRlIjoxMjAwMDAwMDAwMDAwLCJkZWxldGUiOjEyMDAwMDAwMDAwMDB9fQ=="
        }
      ]
    },
    {
      "mode": "managed",
      "type": "google_compute_instance",
      "name": "nodes",
      "provider": "provider[\"registry.terraform.io/hashicorp/google\"]",
      "instances": [
        {
          "index_key": 0,
          "schema_version": 6,
          "attributes": {
            "advanced_machine_features": [],
            "allow_stopping_for_update": true,
            "attached_disk": [],
            "boot_disk": [
              {
                "auto_delete": true,
                "device_name": "persistent-disk-0",
                "disk_encryption_key_raw": "",
                "disk_encryption_key_sha256": "",
                "initialize_params": [
                  {
                    "image": "https://www.googleapis.com/compute/v1/projects/cos-cloud/global/images/cos-97-16919-103-10",
                    "labels": {},
                    "size": 10,
                    "type": "pd-standard"
                  }
                ],
                "kms_key_self_link": "",
                "mode": "READ_WRITE",
                "source": "https://www.googleapis.com/compute/v1/projects/stride-nodes/zones/us-west1-a/disks/staging-stride-node1"
              }
            ],
            "can_ip_forward": false,
            "confidential_instance_config": [],
            "cpu_platform": "Intel Broadwell",
            "current_status": "RUNNING",
            "deletion_protection": false,
            "description": "",
            "desired_status": null,
            "enable_display": false,
            "guest_accelerator": [],
            "hostname": "",
            "id": "projects/stride-nodes/zones/us-west1-a/instances/staging-stride-node1",
            "instance_id": "7630031068319686940",
            "label_fingerprint": "42WmSpB8rSM=",
            "labels": null,
            "machine_type": "e2-standard-4",
            "metadata": {
              "enable-oslogin": "TRUE",
              "gce-container-declaration": "\"spec\":\n  \"containers\":\n  - \"image\": \"gcr.io/stride-nodes/staging:stride-node1\"\n  \"restartPolicy\": \"Always\"\n  \"volumes\": []\n",
              "google-logging-enabled": "true"
            },
            "metadata_fingerprint": "2zaMOrhdpUs=",
            "metadata_startup_script": null,
            "min_cpu_platform": "",
            "name": "staging-stride-node1",
            "network_interface": [
              {
                "access_config": [
                  {
                    "nat_ip": "34.83.153.237",
                    "network_tier": "PREMIUM",
                    "public_ptr_domain_name": ""
                  }
                ],
                "alias_ip_range": [],
                "ipv6_access_config": [],
                "ipv6_access_type": "",
                "name": "nic0",
                "network": "https://www.googleapis.com/compute/v1/projects/stride-nodes/global/networks/default",
                "network_ip": "10.138.15.204",
                "nic_type": "",
                "queue_count": 0,
                "stack_type": "IPV4_ONLY",
                "subnetwork": "https://www.googleapis.com/compute/v1/projects/stride-nodes/regions/us-west1/subnetworks/default",
                "subnetwork_project": "stride-nodes"
              }
            ],
            "project": "stride-nodes",
            "reservation_affinity": [],
            "resource_policies": null,
            "scheduling": [
              {
                "automatic_restart": true,
                "min_node_cpus": 0,
                "node_affinities": [],
                "on_host_maintenance": "MIGRATE",
                "preemptible": false,
                "provisioning_model": "STANDARD"
              }
            ],
            "scratch_disk": [],
            "self_link": "https://www.googleapis.com/compute/v1/projects/stride-nodes/zones/us-west1-a/instances/staging-stride-node1",
            "service_account": [
              {
                "email": "173572098342-compute@developer.gserviceaccount.com",
                "scopes": [
                  "https://www.googleapis.com/auth/devstorage.read_only",
                  "https://www.googleapis.com/auth/logging.write",
                  "https://www.googleapis.com/auth/monitoring.write",
                  "https://www.googleapis.com/auth/service.management.readonly",
                  "https://www.googleapis.com/auth/servicecontrol",
                  "https://www.googleapis.com/auth/trace.append"
                ]
              }
            ],
            "shielded_instance_config": [
              {
                "enable_integrity_monitoring": true,
                "enable_secure_boot": false,
                "enable_vtpm": true
              }
            ],
            "tags": [
              "ssh"
            ],
            "tags_fingerprint": "pfSjJj1RiUg=",
            "timeouts": null,
            "zone": "us-west1-a"
          },
          "sensitive_attributes": [],
          "private": "eyJlMmJmYjczMC1lY2FhLTExZTYtOGY4OC0zNDM2M2JjN2M0YzAiOnsiY3JlYXRlIjoxMjAwMDAwMDAwMDAwLCJkZWxldGUiOjEyMDAwMDAwMDAwMDAsInVwZGF0ZSI6MTIwMDAwMDAwMDAwMH0sInNjaGVtYV92ZXJzaW9uIjoiNiJ9",
          "dependencies": [
            "google_compute_address.internal-addresses",
            "module.images.data.google_compute_image.coreos"
          ]
        },
        {
          "index_key": 1,
          "schema_version": 6,
          "attributes": {
            "advanced_machine_features": [],
            "allow_stopping_for_update": true,
            "attached_disk": [],
            "boot_disk": [
              {
                "auto_delete": true,
                "device_name": "persistent-disk-0",
                "disk_encryption_key_raw": "",
                "disk_encryption_key_sha256": "",
                "initialize_params": [
                  {
                    "image": "https://www.googleapis.com/compute/v1/projects/cos-cloud/global/images/cos-97-16919-103-10",
                    "labels": {},
                    "size": 10,
                    "type": "pd-standard"
                  }
                ],
                "kms_key_self_link": "",
                "mode": "READ_WRITE",
                "source": "https://www.googleapis.com/compute/v1/projects/stride-nodes/zones/us-west1-a/disks/staging-stride-node2"
              }
            ],
            "can_ip_forward": false,
            "confidential_instance_config": [],
            "cpu_platform": "Intel Broadwell",
            "current_status": "RUNNING",
            "deletion_protection": false,
            "description": "",
            "desired_status": null,
            "enable_display": false,
            "guest_accelerator": [],
            "hostname": "",
            "id": "projects/stride-nodes/zones/us-west1-a/instances/staging-stride-node2",
            "instance_id": "5634274093602938538",
            "label_fingerprint": "42WmSpB8rSM=",
            "labels": null,
            "machine_type": "e2-standard-4",
            "metadata": {
              "enable-oslogin": "TRUE",
              "gce-container-declaration": "\"spec\":\n  \"containers\":\n  - \"image\": \"gcr.io/stride-nodes/staging:stride-node2\"\n  \"restartPolicy\": \"Always\"\n  \"volumes\": []\n",
              "google-logging-enabled": "true"
            },
            "metadata_fingerprint": "Vj5AZBsuvtE=",
            "metadata_startup_script": null,
            "min_cpu_platform": "",
            "name": "staging-stride-node2",
            "network_interface": [
              {
                "access_config": [
                  {
                    "nat_ip": "34.82.238.106",
                    "network_tier": "PREMIUM",
                    "public_ptr_domain_name": ""
                  }
                ],
                "alias_ip_range": [],
                "ipv6_access_config": [],
                "ipv6_access_type": "",
                "name": "nic0",
                "network": "https://www.googleapis.com/compute/v1/projects/stride-nodes/global/networks/default",
                "network_ip": "10.138.15.208",
                "nic_type": "",
                "queue_count": 0,
                "stack_type": "IPV4_ONLY",
                "subnetwork": "https://www.googleapis.com/compute/v1/projects/stride-nodes/regions/us-west1/subnetworks/default",
                "subnetwork_project": "stride-nodes"
              }
            ],
            "project": "stride-nodes",
            "reservation_affinity": [],
            "resource_policies": null,
            "scheduling": [
              {
                "automatic_restart": true,
                "min_node_cpus": 0,
                "node_affinities": [],
                "on_host_maintenance": "MIGRATE",
                "preemptible": false,
                "provisioning_model": "STANDARD"
              }
            ],
            "scratch_disk": [],
            "self_link": "https://www.googleapis.com/compute/v1/projects/stride-nodes/zones/us-west1-a/instances/staging-stride-node2",
            "service_account": [
              {
                "email": "173572098342-compute@developer.gserviceaccount.com",
                "scopes": [
                  "https://www.googleapis.com/auth/devstorage.read_only",
                  "https://www.googleapis.com/auth/logging.write",
                  "https://www.googleapis.com/auth/monitoring.write",
                  "https://www.googleapis.com/auth/service.management.readonly",
                  "https://www.googleapis.com/auth/servicecontrol",
                  "https://www.googleapis.com/auth/trace.append"
                ]
              }
            ],
            "shielded_instance_config": [
              {
                "enable_integrity_monitoring": true,
                "enable_secure_boot": false,
                "enable_vtpm": true
              }
            ],
            "tags": [
              "ssh"
            ],
            "tags_fingerprint": "pfSjJj1RiUg=",
            "timeouts": null,
            "zone": "us-west1-a"
          },
          "sensitive_attributes": [],
          "private": "eyJlMmJmYjczMC1lY2FhLTExZTYtOGY4OC0zNDM2M2JjN2M0YzAiOnsiY3JlYXRlIjoxMjAwMDAwMDAwMDAwLCJkZWxldGUiOjEyMDAwMDAwMDAwMDAsInVwZGF0ZSI6MTIwMDAwMDAwMDAwMH0sInNjaGVtYV92ZXJzaW9uIjoiNiJ9",
          "dependencies": [
            "google_compute_address.internal-addresses",
            "module.images.data.google_compute_image.coreos"
          ]
        },
        {
          "index_key": 2,
          "schema_version": 6,
          "attributes": {
            "advanced_machine_features": [],
            "allow_stopping_for_update": true,
            "attached_disk": [],
            "boot_disk": [
              {
                "auto_delete": true,
                "device_name": "persistent-disk-0",
                "disk_encryption_key_raw": "",
                "disk_encryption_key_sha256": "",
                "initialize_params": [
                  {
                    "image": "https://www.googleapis.com/compute/v1/projects/cos-cloud/global/images/cos-97-16919-103-10",
                    "labels": {},
                    "size": 10,
                    "type": "pd-standard"
                  }
                ],
                "kms_key_self_link": "",
                "mode": "READ_WRITE",
                "source": "https://www.googleapis.com/compute/v1/projects/stride-nodes/zones/us-west1-a/disks/staging-stride-node3"
              }
            ],
            "can_ip_forward": false,
            "confidential_instance_config": [],
            "cpu_platform": "Intel Broadwell",
            "current_status": "RUNNING",
            "deletion_protection": false,
            "description": "",
            "desired_status": null,
            "enable_display": false,
            "guest_accelerator": [],
            "hostname": "",
            "id": "projects/stride-nodes/zones/us-west1-a/instances/staging-stride-node3",
            "instance_id": "8442333263735005467",
            "label_fingerprint": "42WmSpB8rSM=",
            "labels": null,
            "machine_type": "e2-standard-4",
            "metadata": {
              "enable-oslogin": "TRUE",
              "gce-container-declaration": "\"spec\":\n  \"containers\":\n  - \"image\": \"gcr.io/stride-nodes/staging:stride-node3\"\n  \"restartPolicy\": \"Always\"\n  \"volumes\": []\n",
              "google-logging-enabled": "true"
            },
            "metadata_fingerprint": "Tt8gwwLYrYY=",
            "metadata_startup_script": null,
            "min_cpu_platform": "",
            "name": "staging-stride-node3",
            "network_interface": [
              {
                "access_config": [
                  {
                    "nat_ip": "34.83.92.175",
                    "network_tier": "PREMIUM",
                    "public_ptr_domain_name": ""
                  }
                ],
                "alias_ip_range": [],
                "ipv6_access_config": [],
                "ipv6_access_type": "",
                "name": "nic0",
                "network": "https://www.googleapis.com/compute/v1/projects/stride-nodes/global/networks/default",
                "network_ip": "10.138.15.207",
                "nic_type": "",
                "queue_count": 0,
                "stack_type": "IPV4_ONLY",
                "subnetwork": "https://www.googleapis.com/compute/v1/projects/stride-nodes/regions/us-west1/subnetworks/default",
                "subnetwork_project": "stride-nodes"
              }
            ],
            "project": "stride-nodes",
            "reservation_affinity": [],
            "resource_policies": null,
            "scheduling": [
              {
                "automatic_restart": true,
                "min_node_cpus": 0,
                "node_affinities": [],
                "on_host_maintenance": "MIGRATE",
                "preemptible": false,
                "provisioning_model": "STANDARD"
              }
            ],
            "scratch_disk": [],
            "self_link": "https://www.googleapis.com/compute/v1/projects/stride-nodes/zones/us-west1-a/instances/staging-stride-node3",
            "service_account": [
              {
                "email": "173572098342-compute@developer.gserviceaccount.com",
                "scopes": [
                  "https://www.googleapis.com/auth/devstorage.read_only",
                  "https://www.googleapis.com/auth/logging.write",
                  "https://www.googleapis.com/auth/monitoring.write",
                  "https://www.googleapis.com/auth/service.management.readonly",
                  "https://www.googleapis.com/auth/servicecontrol",
                  "https://www.googleapis.com/auth/trace.append"
                ]
              }
            ],
            "shielded_instance_config": [
              {
                "enable_integrity_monitoring": true,
                "enable_secure_boot": false,
                "enable_vtpm": true
              }
            ],
            "tags": [
              "ssh"
            ],
            "tags_fingerprint": "pfSjJj1RiUg=",
            "timeouts": null,
            "zone": "us-west1-a"
          },
          "sensitive_attributes": [],
          "private": "eyJlMmJmYjczMC1lY2FhLTExZTYtOGY4OC0zNDM2M2JjN2M0YzAiOnsiY3JlYXRlIjoxMjAwMDAwMDAwMDAwLCJkZWxldGUiOjEyMDAwMDAwMDAwMDAsInVwZGF0ZSI6MTIwMDAwMDAwMDAwMH0sInNjaGVtYV92ZXJzaW9uIjoiNiJ9",
          "dependencies": [
            "google_compute_address.internal-addresses",
            "module.images.data.google_compute_image.coreos"
          ]
        },
        {
          "index_key": 3,
          "schema_version": 6,
          "attributes": {
            "advanced_machine_features": [],
            "allow_stopping_for_update": true,
            "attached_disk": [],
            "boot_disk": [
              {
                "auto_delete": true,
                "device_name": "persistent-disk-0",
                "disk_encryption_key_raw": "",
                "disk_encryption_key_sha256": "",
                "initialize_params": [
                  {
                    "image": "https://www.googleapis.com/compute/v1/projects/cos-cloud/global/images/cos-97-16919-103-10",
                    "labels": {},
                    "size": 10,
                    "type": "pd-standard"
                  }
                ],
                "kms_key_self_link": "",
                "mode": "READ_WRITE",
                "source": "https://www.googleapis.com/compute/v1/projects/stride-nodes/zones/us-west1-a/disks/staging-gaia"
              }
            ],
            "can_ip_forward": false,
            "confidential_instance_config": [],
            "cpu_platform": "Intel Broadwell",
            "current_status": "RUNNING",
            "deletion_protection": false,
            "description": "",
            "desired_status": null,
            "enable_display": false,
            "guest_accelerator": [],
            "hostname": "",
            "id": "projects/stride-nodes/zones/us-west1-a/instances/staging-gaia",
            "instance_id": "8256067623098490537",
            "label_fingerprint": "42WmSpB8rSM=",
            "labels": null,
            "machine_type": "e2-standard-4",
            "metadata": {
              "enable-oslogin": "TRUE",
              "gce-container-declaration": "\"spec\":\n  \"containers\":\n  - \"image\": \"gcr.io/stride-nodes/staging:gaia\"\n  \"restartPolicy\": \"Always\"\n  \"volumes\": []\n",
              "google-logging-enabled": "true"
            },
            "metadata_fingerprint": "ZUAcJZxDqn4=",
            "metadata_startup_script": null,
            "min_cpu_platform": "",
            "name": "staging-gaia",
            "network_interface": [
              {
                "access_config": [
                  {
                    "nat_ip": "34.83.40.92",
                    "network_tier": "PREMIUM",
                    "public_ptr_domain_name": ""
                  }
                ],
                "alias_ip_range": [],
                "ipv6_access_config": [],
                "ipv6_access_type": "",
                "name": "nic0",
                "network": "https://www.googleapis.com/compute/v1/projects/stride-nodes/global/networks/default",
                "network_ip": "10.138.15.209",
                "nic_type": "",
                "queue_count": 0,
                "stack_type": "IPV4_ONLY",
                "subnetwork": "https://www.googleapis.com/compute/v1/projects/stride-nodes/regions/us-west1/subnetworks/default",
                "subnetwork_project": "stride-nodes"
              }
            ],
            "project": "stride-nodes",
            "reservation_affinity": [],
            "resource_policies": null,
            "scheduling": [
              {
                "automatic_restart": true,
                "min_node_cpus": 0,
                "node_affinities": [],
                "on_host_maintenance": "MIGRATE",
                "preemptible": false,
                "provisioning_model": "STANDARD"
              }
            ],
            "scratch_disk": [],
            "self_link": "https://www.googleapis.com/compute/v1/projects/stride-nodes/zones/us-west1-a/instances/staging-gaia",
            "service_account": [
              {
                "email": "173572098342-compute@developer.gserviceaccount.com",
                "scopes": [
                  "https://www.googleapis.com/auth/devstorage.read_only",
                  "https://www.googleapis.com/auth/logging.write",
                  "https://www.googleapis.com/auth/monitoring.write",
                  "https://www.googleapis.com/auth/service.management.readonly",
                  "https://www.googleapis.com/auth/servicecontrol",
                  "https://www.googleapis.com/auth/trace.append"
                ]
              }
            ],
            "shielded_instance_config": [
              {
                "enable_integrity_monitoring": true,
                "enable_secure_boot": false,
                "enable_vtpm": true
              }
            ],
            "tags": [
              "ssh"
            ],
            "tags_fingerprint": "pfSjJj1RiUg=",
            "timeouts": null,
            "zone": "us-west1-a"
          },
          "sensitive_attributes": [],
          "private": "eyJlMmJmYjczMC1lY2FhLTExZTYtOGY4OC0zNDM2M2JjN2M0YzAiOnsiY3JlYXRlIjoxMjAwMDAwMDAwMDAwLCJkZWxldGUiOjEyMDAwMDAwMDAwMDAsInVwZGF0ZSI6MTIwMDAwMDAwMDAwMH0sInNjaGVtYV92ZXJzaW9uIjoiNiJ9",
          "dependencies": [
            "google_compute_address.internal-addresses",
            "module.images.data.google_compute_image.coreos"
          ]
        },
        {
          "index_key": 4,
          "schema_version": 6,
          "attributes": {
            "advanced_machine_features": [],
            "allow_stopping_for_update": true,
            "attached_disk": [],
            "boot_disk": [
              {
                "auto_delete": true,
                "device_name": "persistent-disk-0",
                "disk_encryption_key_raw": "",
                "disk_encryption_key_sha256": "",
                "initialize_params": [
                  {
                    "image": "https://www.googleapis.com/compute/v1/projects/cos-cloud/global/images/cos-97-16919-103-10",
                    "labels": {},
                    "size": 10,
                    "type": "pd-standard"
                  }
                ],
                "kms_key_self_link": "",
                "mode": "READ_WRITE",
                "source": "https://www.googleapis.com/compute/v1/projects/stride-nodes/zones/us-west1-a/disks/staging-hermes"
              }
            ],
            "can_ip_forward": false,
            "confidential_instance_config": [],
            "cpu_platform": "Intel Broadwell",
            "current_status": "RUNNING",
            "deletion_protection": false,
            "description": "",
            "desired_status": null,
            "enable_display": false,
            "guest_accelerator": [],
            "hostname": "",
            "id": "projects/stride-nodes/zones/us-west1-a/instances/staging-hermes",
            "instance_id": "8969964592979747099",
            "label_fingerprint": "42WmSpB8rSM=",
            "labels": null,
            "machine_type": "e2-standard-4",
            "metadata": {
              "enable-oslogin": "TRUE",
              "gce-container-declaration": "\"spec\":\n  \"containers\":\n  - \"image\": \"gcr.io/stride-nodes/staging:hermes\"\n  \"restartPolicy\": \"Always\"\n  \"volumes\": []\n",
              "google-logging-enabled": "true"
            },
            "metadata_fingerprint": "Z0NovZSFbjM=",
            "metadata_startup_script": null,
            "min_cpu_platform": "",
            "name": "staging-hermes",
            "network_interface": [
              {
                "access_config": [
                  {
                    "nat_ip": "35.230.127.28",
                    "network_tier": "PREMIUM",
                    "public_ptr_domain_name": ""
                  }
                ],
                "alias_ip_range": [],
                "ipv6_access_config": [],
                "ipv6_access_type": "",
                "name": "nic0",
                "network": "https://www.googleapis.com/compute/v1/projects/stride-nodes/global/networks/default",
                "network_ip": "10.138.15.205",
                "nic_type": "",
                "queue_count": 0,
                "stack_type": "IPV4_ONLY",
                "subnetwork": "https://www.googleapis.com/compute/v1/projects/stride-nodes/regions/us-west1/subnetworks/default",
                "subnetwork_project": "stride-nodes"
              }
            ],
            "project": "stride-nodes",
            "reservation_affinity": [],
            "resource_policies": null,
            "scheduling": [
              {
                "automatic_restart": true,
                "min_node_cpus": 0,
                "node_affinities": [],
                "on_host_maintenance": "MIGRATE",
                "preemptible": false,
                "provisioning_model": "STANDARD"
              }
            ],
            "scratch_disk": [],
            "self_link": "https://www.googleapis.com/compute/v1/projects/stride-nodes/zones/us-west1-a/instances/staging-hermes",
            "service_account": [
              {
                "email": "173572098342-compute@developer.gserviceaccount.com",
                "scopes": [
                  "https://www.googleapis.com/auth/devstorage.read_only",
                  "https://www.googleapis.com/auth/logging.write",
                  "https://www.googleapis.com/auth/monitoring.write",
                  "https://www.googleapis.com/auth/service.management.readonly",
                  "https://www.googleapis.com/auth/servicecontrol",
                  "https://www.googleapis.com/auth/trace.append"
                ]
              }
            ],
            "shielded_instance_config": [
              {
                "enable_integrity_monitoring": true,
                "enable_secure_boot": false,
                "enable_vtpm": true
              }
            ],
            "tags": [
              "ssh"
            ],
            "tags_fingerprint": "pfSjJj1RiUg=",
            "timeouts": null,
            "zone": "us-west1-a"
          },
          "sensitive_attributes": [],
          "private": "eyJlMmJmYjczMC1lY2FhLTExZTYtOGY4OC0zNDM2M2JjN2M0YzAiOnsiY3JlYXRlIjoxMjAwMDAwMDAwMDAwLCJkZWxldGUiOjEyMDAwMDAwMDAwMDAsInVwZGF0ZSI6MTIwMDAwMDAwMDAwMH0sInNjaGVtYV92ZXJzaW9uIjoiNiJ9",
          "dependencies": [
            "google_compute_address.internal-addresses",
            "module.images.data.google_compute_image.coreos"
          ]
        },
        {
          "index_key": 5,
          "schema_version": 6,
          "attributes": {
            "advanced_machine_features": [],
            "allow_stopping_for_update": true,
            "attached_disk": [],
            "boot_disk": [
              {
                "auto_delete": true,
                "device_name": "persistent-disk-0",
                "disk_encryption_key_raw": "",
                "disk_encryption_key_sha256": "",
                "initialize_params": [
                  {
                    "image": "https://www.googleapis.com/compute/v1/projects/cos-cloud/global/images/cos-97-16919-103-10",
                    "labels": {},
                    "size": 10,
                    "type": "pd-standard"
                  }
                ],
                "kms_key_self_link": "",
                "mode": "READ_WRITE",
                "source": "https://www.googleapis.com/compute/v1/projects/stride-nodes/zones/us-west1-a/disks/staging-icq"
              }
            ],
            "can_ip_forward": false,
            "confidential_instance_config": [],
            "cpu_platform": "Intel Broadwell",
            "current_status": "RUNNING",
            "deletion_protection": false,
            "description": "",
            "desired_status": null,
            "enable_display": false,
            "guest_accelerator": [],
            "hostname": "",
            "id": "projects/stride-nodes/zones/us-west1-a/instances/staging-icq",
            "instance_id": "1978888339203531035",
            "label_fingerprint": "42WmSpB8rSM=",
            "labels": null,
            "machine_type": "e2-standard-4",
            "metadata": {
              "enable-oslogin": "TRUE",
              "gce-container-declaration": "\"spec\":\n  \"containers\":\n  - \"image\": \"gcr.io/stride-nodes/staging:icq\"\n  \"restartPolicy\": \"Always\"\n  \"volumes\": []\n",
              "google-logging-enabled": "true"
            },
            "metadata_fingerprint": "UFD-6d8K3Mo=",
            "metadata_startup_script": null,
            "min_cpu_platform": "",
            "name": "staging-icq",
            "network_interface": [
              {
                "access_config": [
                  {
                    "nat_ip": "34.168.120.29",
                    "network_tier": "PREMIUM",
                    "public_ptr_domain_name": ""
                  }
                ],
                "alias_ip_range": [],
                "ipv6_access_config": [],
                "ipv6_access_type": "",
                "name": "nic0",
                "network": "https://www.googleapis.com/compute/v1/projects/stride-nodes/global/networks/default",
                "network_ip": "10.138.15.206",
                "nic_type": "",
                "queue_count": 0,
                "stack_type": "IPV4_ONLY",
                "subnetwork": "https://www.googleapis.com/compute/v1/projects/stride-nodes/regions/us-west1/subnetworks/default",
                "subnetwork_project": "stride-nodes"
              }
            ],
            "project": "stride-nodes",
            "reservation_affinity": [],
            "resource_policies": null,
            "scheduling": [
              {
                "automatic_restart": true,
                "min_node_cpus": 0,
                "node_affinities": [],
                "on_host_maintenance": "MIGRATE",
                "preemptible": false,
                "provisioning_model": "STANDARD"
              }
            ],
            "scratch_disk": [],
            "self_link": "https://www.googleapis.com/compute/v1/projects/stride-nodes/zones/us-west1-a/instances/staging-icq",
            "service_account": [
              {
                "email": "173572098342-compute@developer.gserviceaccount.com",
                "scopes": [
                  "https://www.googleapis.com/auth/devstorage.read_only",
                  "https://www.googleapis.com/auth/logging.write",
                  "https://www.googleapis.com/auth/monitoring.write",
                  "https://www.googleapis.com/auth/service.management.readonly",
                  "https://www.googleapis.com/auth/servicecontrol",
                  "https://www.googleapis.com/auth/trace.append"
                ]
              }
            ],
            "shielded_instance_config": [
              {
                "enable_integrity_monitoring": true,
                "enable_secure_boot": false,
                "enable_vtpm": true
              }
            ],
            "tags": [
              "ssh"
            ],
            "tags_fingerprint": "pfSjJj1RiUg=",
            "timeouts": null,
            "zone": "us-west1-a"
          },
          "sensitive_attributes": [],
          "private": "eyJlMmJmYjczMC1lY2FhLTExZTYtOGY4OC0zNDM2M2JjN2M0YzAiOnsiY3JlYXRlIjoxMjAwMDAwMDAwMDAwLCJkZWxldGUiOjEyMDAwMDAwMDAwMDAsInVwZGF0ZSI6MTIwMDAwMDAwMDAwMH0sInNjaGVtYV92ZXJzaW9uIjoiNiJ9",
          "dependencies": [
            "google_compute_address.internal-addresses",
            "module.images.data.google_compute_image.coreos"
          ]
        }
      ]
    },
    {
      "mode": "managed",
      "type": "google_dns_managed_zone",
      "name": "stridenet-network-sub-zone",
      "provider": "provider[\"registry.terraform.io/hashicorp/google\"]",
      "instances": [
        {
          "schema_version": 0,
          "attributes": {
            "description": "Managed by Terraform",
            "dns_name": "staging.stridenet.co.",
            "dnssec_config": [],
            "force_destroy": false,
            "forwarding_config": [],
            "id": "projects/stride-nodes/managedZones/staging-stridenet",
            "labels": {},
            "name": "staging-stridenet",
            "name_servers": [
              "ns-cloud-d1.googledomains.com.",
              "ns-cloud-d2.googledomains.com.",
              "ns-cloud-d3.googledomains.com.",
              "ns-cloud-d4.googledomains.com."
            ],
            "peering_config": [],
            "private_visibility_config": [],
            "project": "stride-nodes",
            "timeouts": null,
            "visibility": "public"
          },
          "sensitive_attributes": [],
          "private": "eyJlMmJmYjczMC1lY2FhLTExZTYtOGY4OC0zNDM2M2JjN2M0YzAiOnsiY3JlYXRlIjoxMjAwMDAwMDAwMDAwLCJkZWxldGUiOjEyMDAwMDAwMDAwMDAsInVwZGF0ZSI6MTIwMDAwMDAwMDAwMH19"
        }
      ]
    },
    {
      "mode": "managed",
      "type": "google_dns_record_set",
      "name": "external-addresses",
      "provider": "provider[\"registry.terraform.io/hashicorp/google\"]",
      "instances": [
        {
          "index_key": 0,
          "schema_version": 0,
          "attributes": {
            "id": "projects/stride-nodes/managedZones/staging-stridenet/rrsets/stride-node1.staging.stridenet.co./A",
            "managed_zone": "staging-stridenet",
            "name": "stride-node1.staging.stridenet.co.",
            "project": "stride-nodes",
            "routing_policy": [],
            "rrdatas": [
              "34.83.153.237"
            ],
            "ttl": 300,
            "type": "A"
          },
          "sensitive_attributes": [],
          "private": "bnVsbA==",
          "dependencies": [
            "google_compute_address.internal-addresses",
            "google_compute_instance.nodes",
            "google_dns_managed_zone.stridenet-network-sub-zone",
            "module.images.data.google_compute_image.coreos"
          ]
        },
        {
          "index_key": 1,
          "schema_version": 0,
          "attributes": {
            "id": "projects/stride-nodes/managedZones/staging-stridenet/rrsets/stride-node2.staging.stridenet.co./A",
            "managed_zone": "staging-stridenet",
            "name": "stride-node2.staging.stridenet.co.",
            "project": "stride-nodes",
            "routing_policy": [],
            "rrdatas": [
              "34.82.238.106"
            ],
            "ttl": 300,
            "type": "A"
          },
          "sensitive_attributes": [],
          "private": "bnVsbA==",
          "dependencies": [
            "google_compute_address.internal-addresses",
            "google_compute_instance.nodes",
            "google_dns_managed_zone.stridenet-network-sub-zone",
            "module.images.data.google_compute_image.coreos"
          ]
        },
        {
          "index_key": 2,
          "schema_version": 0,
          "attributes": {
            "id": "projects/stride-nodes/managedZones/staging-stridenet/rrsets/stride-node3.staging.stridenet.co./A",
            "managed_zone": "staging-stridenet",
            "name": "stride-node3.staging.stridenet.co.",
            "project": "stride-nodes",
            "routing_policy": [],
            "rrdatas": [
              "34.83.92.175"
            ],
            "ttl": 300,
            "type": "A"
          },
          "sensitive_attributes": [],
          "private": "bnVsbA==",
          "dependencies": [
            "google_compute_address.internal-addresses",
            "google_compute_instance.nodes",
            "google_dns_managed_zone.stridenet-network-sub-zone",
            "module.images.data.google_compute_image.coreos"
          ]
        },
        {
          "index_key": 3,
          "schema_version": 0,
          "attributes": {
            "id": "projects/stride-nodes/managedZones/staging-stridenet/rrsets/gaia.staging.stridenet.co./A",
            "managed_zone": "staging-stridenet",
            "name": "gaia.staging.stridenet.co.",
            "project": "stride-nodes",
            "routing_policy": [],
            "rrdatas": [
              "34.83.40.92"
            ],
            "ttl": 300,
            "type": "A"
          },
          "sensitive_attributes": [],
          "private": "bnVsbA==",
          "dependencies": [
            "google_compute_address.internal-addresses",
            "google_compute_instance.nodes",
            "google_dns_managed_zone.stridenet-network-sub-zone",
            "module.images.data.google_compute_image.coreos"
          ]
        },
        {
          "index_key": 4,
          "schema_version": 0,
          "attributes": {
            "id": "projects/stride-nodes/managedZones/staging-stridenet/rrsets/hermes.staging.stridenet.co./A",
            "managed_zone": "staging-stridenet",
            "name": "hermes.staging.stridenet.co.",
            "project": "stride-nodes",
            "routing_policy": [],
            "rrdatas": [
              "35.230.127.28"
            ],
            "ttl": 300,
            "type": "A"
          },
          "sensitive_attributes": [],
          "private": "bnVsbA==",
          "dependencies": [
            "google_compute_address.internal-addresses",
            "google_compute_instance.nodes",
            "google_dns_managed_zone.stridenet-network-sub-zone",
            "module.images.data.google_compute_image.coreos"
          ]
        },
        {
          "index_key": 5,
          "schema_version": 0,
          "attributes": {
            "id": "projects/stride-nodes/managedZones/staging-stridenet/rrsets/icq.staging.stridenet.co./A",
            "managed_zone": "staging-stridenet",
            "name": "icq.staging.stridenet.co.",
            "project": "stride-nodes",
            "routing_policy": [],
            "rrdatas": [
              "34.168.120.29"
            ],
            "ttl": 300,
            "type": "A"
          },
          "sensitive_attributes": [],
          "private": "bnVsbA==",
          "dependencies": [
            "google_compute_address.internal-addresses",
            "google_compute_instance.nodes",
            "google_dns_managed_zone.stridenet-network-sub-zone",
            "module.images.data.google_compute_image.coreos"
          ]
        }
      ]
    },
    {
      "mode": "managed",
      "type": "google_dns_record_set",
      "name": "stridenet-sub-zone-name-service-in-parent",
      "provider": "provider[\"registry.terraform.io/hashicorp/google\"]",
      "instances": [
        {
          "schema_version": 0,
          "attributes": {
            "id": "projects/stride-nodes/managedZones/stridenet/rrsets/staging.stridenet.co./NS",
            "managed_zone": "stridenet",
            "name": "staging.stridenet.co.",
            "project": "stride-nodes",
            "routing_policy": [],
            "rrdatas": [
              "ns-cloud-a1.googledomains.com.",
              "ns-cloud-a2.googledomains.com.",
              "ns-cloud-a3.googledomains.com.",
              "ns-cloud-a4.googledomains.com."
            ],
            "ttl": 300,
            "type": "NS"
          },
          "sensitive_attributes": [],
          "private": "bnVsbA==",
          "dependencies": [
            "google_dns_managed_zone.stridenet-network-sub-zone"
          ]
        }
      ]
    },
    {
      "module": "module.images[0]",
      "mode": "data",
      "type": "google_compute_image",
      "name": "coreos",
      "provider": "provider[\"registry.terraform.io/hashicorp/google\"]",
      "instances": [
        {
          "schema_version": 0,
          "attributes": {
            "archive_size_bytes": 1314170112,
            "creation_timestamp": "2022-07-11T14:15:51.321-07:00",
            "description": "Google, Container-Optimized OS, 97-16919.103.10 stable, Kernel: COS-5.10.123 Kubernetes: 1.23.3 Docker: 20.10.12 Family: cos-stable, supports Shielded VM features, supports Confidential VM features on N2D",
            "disk_size_gb": 10,
            "family": "cos-stable",
            "filter": null,
            "id": "projects/cos-cloud/global/images/cos-stable-97-16919-103-10",
            "image_encryption_key_sha256": "",
            "image_id": "1623387535266885097",
            "label_fingerprint": "mwp12dhrkHs=",
            "labels": {
              "build_number": "16919-103-10",
              "milestone": "97"
            },
            "licenses": [
              "https://www.googleapis.com/compute/v1/projects/cos-cloud-shielded/global/licenses/shielded-cos",
              "https://www.googleapis.com/compute/v1/projects/cos-cloud/global/licenses/cos-pcid",
              "https://www.googleapis.com/compute/v1/projects/cos-cloud/global/licenses/cos"
            ],
            "name": "cos-stable-97-16919-103-10",
            "project": "cos-cloud",
            "self_link": "https://www.googleapis.com/compute/v1/projects/cos-cloud/global/images/cos-stable-97-16919-103-10",
            "source_disk": "",
            "source_disk_encryption_key_sha256": "",
            "source_disk_id": "",
            "source_image_id": "",
            "status": "READY"
          },
          "sensitive_attributes": []
        }
      ]
    },
    {
      "module": "module.images[1]",
      "mode": "data",
      "type": "google_compute_image",
      "name": "coreos",
      "provider": "provider[\"registry.terraform.io/hashicorp/google\"]",
      "instances": [
        {
          "schema_version": 0,
          "attributes": {
            "archive_size_bytes": 1314170112,
            "creation_timestamp": "2022-07-11T14:15:51.321-07:00",
            "description": "Google, Container-Optimized OS, 97-16919.103.10 stable, Kernel: COS-5.10.123 Kubernetes: 1.23.3 Docker: 20.10.12 Family: cos-stable, supports Shielded VM features, supports Confidential VM features on N2D",
            "disk_size_gb": 10,
            "family": "cos-stable",
            "filter": null,
            "id": "projects/cos-cloud/global/images/cos-stable-97-16919-103-10",
            "image_encryption_key_sha256": "",
            "image_id": "1623387535266885097",
            "label_fingerprint": "mwp12dhrkHs=",
            "labels": {
              "build_number": "16919-103-10",
              "milestone": "97"
            },
            "licenses": [
              "https://www.googleapis.com/compute/v1/projects/cos-cloud-shielded/global/licenses/shielded-cos",
              "https://www.googleapis.com/compute/v1/projects/cos-cloud/global/licenses/cos-pcid",
              "https://www.googleapis.com/compute/v1/projects/cos-cloud/global/licenses/cos"
            ],
            "name": "cos-stable-97-16919-103-10",
            "project": "cos-cloud",
            "self_link": "https://www.googleapis.com/compute/v1/projects/cos-cloud/global/images/cos-stable-97-16919-103-10",
            "source_disk": "",
            "source_disk_encryption_key_sha256": "",
            "source_disk_id": "",
            "source_image_id": "",
            "status": "READY"
          },
          "sensitive_attributes": []
        }
      ]
    },
    {
      "module": "module.images[2]",
      "mode": "data",
      "type": "google_compute_image",
      "name": "coreos",
      "provider": "provider[\"registry.terraform.io/hashicorp/google\"]",
      "instances": [
        {
          "schema_version": 0,
          "attributes": {
            "archive_size_bytes": 1314170112,
            "creation_timestamp": "2022-07-11T14:15:51.321-07:00",
            "description": "Google, Container-Optimized OS, 97-16919.103.10 stable, Kernel: COS-5.10.123 Kubernetes: 1.23.3 Docker: 20.10.12 Family: cos-stable, supports Shielded VM features, supports Confidential VM features on N2D",
            "disk_size_gb": 10,
            "family": "cos-stable",
            "filter": null,
            "id": "projects/cos-cloud/global/images/cos-stable-97-16919-103-10",
            "image_encryption_key_sha256": "",
            "image_id": "1623387535266885097",
            "label_fingerprint": "mwp12dhrkHs=",
            "labels": {
              "build_number": "16919-103-10",
              "milestone": "97"
            },
            "licenses": [
              "https://www.googleapis.com/compute/v1/projects/cos-cloud-shielded/global/licenses/shielded-cos",
              "https://www.googleapis.com/compute/v1/projects/cos-cloud/global/licenses/cos-pcid",
              "https://www.googleapis.com/compute/v1/projects/cos-cloud/global/licenses/cos"
            ],
            "name": "cos-stable-97-16919-103-10",
            "project": "cos-cloud",
            "self_link": "https://www.googleapis.com/compute/v1/projects/cos-cloud/global/images/cos-stable-97-16919-103-10",
            "source_disk": "",
            "source_disk_encryption_key_sha256": "",
            "source_disk_id": "",
            "source_image_id": "",
            "status": "READY"
          },
          "sensitive_attributes": []
        }
      ]
    },
    {
      "module": "module.images[3]",
      "mode": "data",
      "type": "google_compute_image",
      "name": "coreos",
      "provider": "provider[\"registry.terraform.io/hashicorp/google\"]",
      "instances": [
        {
          "schema_version": 0,
          "attributes": {
            "archive_size_bytes": 1314170112,
            "creation_timestamp": "2022-07-11T14:15:51.321-07:00",
            "description": "Google, Container-Optimized OS, 97-16919.103.10 stable, Kernel: COS-5.10.123 Kubernetes: 1.23.3 Docker: 20.10.12 Family: cos-stable, supports Shielded VM features, supports Confidential VM features on N2D",
            "disk_size_gb": 10,
            "family": "cos-stable",
            "filter": null,
            "id": "projects/cos-cloud/global/images/cos-stable-97-16919-103-10",
            "image_encryption_key_sha256": "",
            "image_id": "1623387535266885097",
            "label_fingerprint": "mwp12dhrkHs=",
            "labels": {
              "build_number": "16919-103-10",
              "milestone": "97"
            },
            "licenses": [
              "https://www.googleapis.com/compute/v1/projects/cos-cloud-shielded/global/licenses/shielded-cos",
              "https://www.googleapis.com/compute/v1/projects/cos-cloud/global/licenses/cos-pcid",
              "https://www.googleapis.com/compute/v1/projects/cos-cloud/global/licenses/cos"
            ],
            "name": "cos-stable-97-16919-103-10",
            "project": "cos-cloud",
            "self_link": "https://www.googleapis.com/compute/v1/projects/cos-cloud/global/images/cos-stable-97-16919-103-10",
            "source_disk": "",
            "source_disk_encryption_key_sha256": "",
            "source_disk_id": "",
            "source_image_id": "",
            "status": "READY"
          },
          "sensitive_attributes": []
        }
      ]
    },
    {
      "module": "module.images[4]",
      "mode": "data",
      "type": "google_compute_image",
      "name": "coreos",
      "provider": "provider[\"registry.terraform.io/hashicorp/google\"]",
      "instances": [
        {
          "schema_version": 0,
          "attributes": {
            "archive_size_bytes": 1314170112,
            "creation_timestamp": "2022-07-11T14:15:51.321-07:00",
            "description": "Google, Container-Optimized OS, 97-16919.103.10 stable, Kernel: COS-5.10.123 Kubernetes: 1.23.3 Docker: 20.10.12 Family: cos-stable, supports Shielded VM features, supports Confidential VM features on N2D",
            "disk_size_gb": 10,
            "family": "cos-stable",
            "filter": null,
            "id": "projects/cos-cloud/global/images/cos-stable-97-16919-103-10",
            "image_encryption_key_sha256": "",
            "image_id": "1623387535266885097",
            "label_fingerprint": "mwp12dhrkHs=",
            "labels": {
              "build_number": "16919-103-10",
              "milestone": "97"
            },
            "licenses": [
              "https://www.googleapis.com/compute/v1/projects/cos-cloud-shielded/global/licenses/shielded-cos",
              "https://www.googleapis.com/compute/v1/projects/cos-cloud/global/licenses/cos-pcid",
              "https://www.googleapis.com/compute/v1/projects/cos-cloud/global/licenses/cos"
            ],
            "name": "cos-stable-97-16919-103-10",
            "project": "cos-cloud",
            "self_link": "https://www.googleapis.com/compute/v1/projects/cos-cloud/global/images/cos-stable-97-16919-103-10",
            "source_disk": "",
            "source_disk_encryption_key_sha256": "",
            "source_disk_id": "",
            "source_image_id": "",
            "status": "READY"
          },
          "sensitive_attributes": []
        }
      ]
    },
    {
      "module": "module.images[5]",
      "mode": "data",
      "type": "google_compute_image",
      "name": "coreos",
      "provider": "provider[\"registry.terraform.io/hashicorp/google\"]",
      "instances": [
        {
          "schema_version": 0,
          "attributes": {
            "archive_size_bytes": 1314170112,
            "creation_timestamp": "2022-07-11T14:15:51.321-07:00",
            "description": "Google, Container-Optimized OS, 97-16919.103.10 stable, Kernel: COS-5.10.123 Kubernetes: 1.23.3 Docker: 20.10.12 Family: cos-stable, supports Shielded VM features, supports Confidential VM features on N2D",
            "disk_size_gb": 10,
            "family": "cos-stable",
            "filter": null,
            "id": "projects/cos-cloud/global/images/cos-stable-97-16919-103-10",
            "image_encryption_key_sha256": "",
            "image_id": "1623387535266885097",
            "label_fingerprint": "mwp12dhrkHs=",
            "labels": {
              "build_number": "16919-103-10",
              "milestone": "97"
            },
            "licenses": [
              "https://www.googleapis.com/compute/v1/projects/cos-cloud-shielded/global/licenses/shielded-cos",
              "https://www.googleapis.com/compute/v1/projects/cos-cloud/global/licenses/cos-pcid",
              "https://www.googleapis.com/compute/v1/projects/cos-cloud/global/licenses/cos"
            ],
            "name": "cos-stable-97-16919-103-10",
            "project": "cos-cloud",
            "self_link": "https://www.googleapis.com/compute/v1/projects/cos-cloud/global/images/cos-stable-97-16919-103-10",
            "source_disk": "",
            "source_disk_encryption_key_sha256": "",
            "source_disk_id": "",
            "source_image_id": "",
            "status": "READY"
          },
          "sensitive_attributes": []
        }
      ]
    }
  ]
}
