{
  "version": 4,
  "terraform_version": "1.2.2",
  "serial": 266,
  "lineage": "df7db5e4-83b5-3f42-2ce3-5f34ca95422b",
  "outputs": {},
  "resources": [
    {
      "mode": "data",
      "type": "google_compute_default_service_account",
      "name": "default",
      "provider": "provider[\"registry.terraform.io/hashicorp/google\"]",
      "instances": [
        {
          "schema_version": 0,
          "attributes": {
            "display_name": "Compute Engine default service account",
            "email": "173572098342-compute@developer.gserviceaccount.com",
            "id": "projects/stride-nodes/serviceAccounts/173572098342-compute@developer.gserviceaccount.com",
            "name": "projects/stride-nodes/serviceAccounts/173572098342-compute@developer.gserviceaccount.com",
            "project": "stride-nodes",
            "unique_id": "101025145978742848324"
          },
          "sensitive_attributes": []
        }
      ]
    },
    {
      "mode": "managed",
      "type": "google_compute_address",
      "name": "internal-addresses",
      "provider": "provider[\"registry.terraform.io/hashicorp/google\"]",
      "instances": [
        {
          "index_key": 0,
          "schema_version": 0,
          "attributes": {
            "address": "34.69.181.177",
            "address_type": "EXTERNAL",
            "creation_timestamp": "2022-06-25T18:43:46.766-07:00",
            "description": "",
            "id": "projects/stride-nodes/regions/us-central1/addresses/testnet-stride-node1",
            "name": "testnet-stride-node1",
            "network": "",
            "network_tier": "PREMIUM",
            "prefix_length": 0,
            "project": "stride-nodes",
            "purpose": "",
            "region": "us-central1",
            "self_link": "https://www.googleapis.com/compute/v1/projects/stride-nodes/regions/us-central1/addresses/testnet-stride-node1",
            "subnetwork": "",
            "timeouts": null,
            "users": []
          },
          "sensitive_attributes": [],
          "private": "eyJlMmJmYjczMC1lY2FhLTExZTYtOGY4OC0zNDM2M2JjN2M0YzAiOnsiY3JlYXRlIjoxMjAwMDAwMDAwMDAwLCJkZWxldGUiOjEyMDAwMDAwMDAwMDB9fQ=="
        },
        {
          "index_key": 1,
          "schema_version": 0,
          "attributes": {
            "address": "34.68.29.246",
            "address_type": "EXTERNAL",
            "creation_timestamp": "2022-06-25T18:43:46.675-07:00",
            "description": "",
            "id": "projects/stride-nodes/regions/us-central1/addresses/testnet-stride-node2",
            "name": "testnet-stride-node2",
            "network": "",
            "network_tier": "PREMIUM",
            "prefix_length": 0,
            "project": "stride-nodes",
            "purpose": "",
            "region": "us-central1",
            "self_link": "https://www.googleapis.com/compute/v1/projects/stride-nodes/regions/us-central1/addresses/testnet-stride-node2",
            "subnetwork": "",
            "timeouts": null,
            "users": []
          },
          "sensitive_attributes": [],
          "private": "eyJlMmJmYjczMC1lY2FhLTExZTYtOGY4OC0zNDM2M2JjN2M0YzAiOnsiY3JlYXRlIjoxMjAwMDAwMDAwMDAwLCJkZWxldGUiOjEyMDAwMDAwMDAwMDB9fQ=="
        },
        {
          "index_key": 2,
          "schema_version": 0,
          "attributes": {
            "address": "35.225.11.240",
            "address_type": "EXTERNAL",
            "creation_timestamp": "2022-06-25T18:43:46.787-07:00",
            "description": "",
            "id": "projects/stride-nodes/regions/us-central1/addresses/testnet-stride-node3",
            "name": "testnet-stride-node3",
            "network": "",
            "network_tier": "PREMIUM",
            "prefix_length": 0,
            "project": "stride-nodes",
            "purpose": "",
            "region": "us-central1",
            "self_link": "https://www.googleapis.com/compute/v1/projects/stride-nodes/regions/us-central1/addresses/testnet-stride-node3",
            "subnetwork": "",
            "timeouts": null,
            "users": []
          },
          "sensitive_attributes": [],
          "private": "eyJlMmJmYjczMC1lY2FhLTExZTYtOGY4OC0zNDM2M2JjN2M0YzAiOnsiY3JlYXRlIjoxMjAwMDAwMDAwMDAwLCJkZWxldGUiOjEyMDAwMDAwMDAwMDB9fQ=="
        },
        {
          "index_key": 3,
          "schema_version": 0,
          "attributes": {
            "address": "34.66.79.255",
            "address_type": "EXTERNAL",
            "creation_timestamp": "2022-06-25T18:43:46.820-07:00",
            "description": "",
            "id": "projects/stride-nodes/regions/us-central1/addresses/testnet-gaia",
            "name": "testnet-gaia",
            "network": "",
            "network_tier": "PREMIUM",
            "prefix_length": 0,
            "project": "stride-nodes",
            "purpose": "",
            "region": "us-central1",
            "self_link": "https://www.googleapis.com/compute/v1/projects/stride-nodes/regions/us-central1/addresses/testnet-gaia",
            "subnetwork": "",
            "timeouts": null,
            "users": []
          },
          "sensitive_attributes": [],
          "private": "eyJlMmJmYjczMC1lY2FhLTExZTYtOGY4OC0zNDM2M2JjN2M0YzAiOnsiY3JlYXRlIjoxMjAwMDAwMDAwMDAwLCJkZWxldGUiOjEyMDAwMDAwMDAwMDB9fQ=="
        },
        {
          "index_key": 4,
          "schema_version": 0,
          "attributes": {
            "address": "35.239.211.50",
            "address_type": "EXTERNAL",
            "creation_timestamp": "2022-06-25T18:43:46.772-07:00",
            "description": "",
            "id": "projects/stride-nodes/regions/us-central1/addresses/testnet-hermes",
            "name": "testnet-hermes",
            "network": "",
            "network_tier": "PREMIUM",
            "prefix_length": 0,
            "project": "stride-nodes",
            "purpose": "",
            "region": "us-central1",
            "self_link": "https://www.googleapis.com/compute/v1/projects/stride-nodes/regions/us-central1/addresses/testnet-hermes",
            "subnetwork": "",
            "timeouts": null,
            "users": []
          },
          "sensitive_attributes": [],
          "private": "eyJlMmJmYjczMC1lY2FhLTExZTYtOGY4OC0zNDM2M2JjN2M0YzAiOnsiY3JlYXRlIjoxMjAwMDAwMDAwMDAwLCJkZWxldGUiOjEyMDAwMDAwMDAwMDB9fQ=="
        },
        {
          "index_key": 5,
          "schema_version": 0,
          "attributes": {
            "address": "35.223.222.97",
            "address_type": "EXTERNAL",
            "creation_timestamp": "2022-06-25T18:43:46.807-07:00",
            "description": "",
            "id": "projects/stride-nodes/regions/us-central1/addresses/testnet-icq",
            "name": "testnet-icq",
            "network": "",
            "network_tier": "PREMIUM",
            "prefix_length": 0,
            "project": "stride-nodes",
            "purpose": "",
            "region": "us-central1",
            "self_link": "https://www.googleapis.com/compute/v1/projects/stride-nodes/regions/us-central1/addresses/testnet-icq",
            "subnetwork": "",
            "timeouts": null,
            "users": []
          },
          "sensitive_attributes": [],
          "private": "eyJlMmJmYjczMC1lY2FhLTExZTYtOGY4OC0zNDM2M2JjN2M0YzAiOnsiY3JlYXRlIjoxMjAwMDAwMDAwMDAwLCJkZWxldGUiOjEyMDAwMDAwMDAwMDB9fQ=="
        }
      ]
    },
    {
      "mode": "managed",
      "type": "google_compute_instance",
      "name": "nodes",
      "provider": "provider[\"registry.terraform.io/hashicorp/google\"]",
      "instances": [
        {
          "index_key": 0,
          "schema_version": 6,
          "attributes": {
            "advanced_machine_features": [],
            "allow_stopping_for_update": true,
            "attached_disk": [],
            "boot_disk": [
              {
                "auto_delete": true,
                "device_name": "persistent-disk-0",
                "disk_encryption_key_raw": "",
                "disk_encryption_key_sha256": "",
                "initialize_params": [
                  {
                    "image": "https://www.googleapis.com/compute/v1/projects/cos-cloud/global/images/cos-97-16919-29-40",
                    "labels": {},
                    "size": 10,
                    "type": "pd-standard"
                  }
                ],
                "kms_key_self_link": "",
                "mode": "READ_WRITE",
                "source": "https://www.googleapis.com/compute/v1/projects/stride-nodes/zones/us-central1-a/disks/testnet-stride-node1"
              }
            ],
            "can_ip_forward": false,
            "confidential_instance_config": [],
            "cpu_platform": "Intel Broadwell",
            "current_status": "RUNNING",
            "deletion_protection": false,
            "description": "",
            "desired_status": null,
            "enable_display": false,
            "guest_accelerator": [],
            "hostname": "",
            "id": "projects/stride-nodes/zones/us-central1-a/instances/testnet-stride-node1",
            "instance_id": "6124966973225436977",
            "label_fingerprint": "42WmSpB8rSM=",
            "labels": null,
            "machine_type": "e2-standard-4",
            "metadata": {
              "enable-oslogin": "TRUE",
              "gce-container-declaration": "\"spec\":\n  \"containers\":\n  - \"image\": \"gcr.io/stride-nodes/testnet:stride-node1\"\n  \"restartPolicy\": \"Always\"\n  \"volumes\": []\n"
            },
            "metadata_fingerprint": "N52hqpGTln4=",
            "metadata_startup_script": null,
            "min_cpu_platform": "",
            "name": "testnet-stride-node1",
            "network_interface": [
              {
                "access_config": [
                  {
                    "nat_ip": "34.69.181.177",
                    "network_tier": "PREMIUM",
                    "public_ptr_domain_name": ""
                  }
                ],
                "alias_ip_range": [],
                "ipv6_access_config": [],
                "ipv6_access_type": "",
                "name": "nic0",
                "network": "https://www.googleapis.com/compute/v1/projects/stride-nodes/global/networks/default",
                "network_ip": "10.128.0.58",
                "nic_type": "",
                "queue_count": 0,
                "stack_type": "IPV4_ONLY",
                "subnetwork": "https://www.googleapis.com/compute/v1/projects/stride-nodes/regions/us-central1/subnetworks/default",
                "subnetwork_project": "stride-nodes"
              }
            ],
            "project": "stride-nodes",
            "reservation_affinity": [],
            "resource_policies": null,
            "scheduling": [
              {
                "automatic_restart": true,
                "min_node_cpus": 0,
                "node_affinities": [],
                "on_host_maintenance": "MIGRATE",
                "preemptible": false,
                "provisioning_model": "STANDARD"
              }
            ],
            "scratch_disk": [],
            "self_link": "https://www.googleapis.com/compute/v1/projects/stride-nodes/zones/us-central1-a/instances/testnet-stride-node1",
            "service_account": [
              {
                "email": "173572098342-compute@developer.gserviceaccount.com",
                "scopes": [
                  "https://www.googleapis.com/auth/devstorage.read_only",
                  "https://www.googleapis.com/auth/logging.write",
                  "https://www.googleapis.com/auth/monitoring.write",
                  "https://www.googleapis.com/auth/service.management.readonly",
                  "https://www.googleapis.com/auth/servicecontrol",
                  "https://www.googleapis.com/auth/trace.append"
                ]
              }
            ],
            "shielded_instance_config": [
              {
                "enable_integrity_monitoring": true,
                "enable_secure_boot": false,
                "enable_vtpm": true
              }
            ],
            "tags": [
              "ssh"
            ],
            "tags_fingerprint": "pfSjJj1RiUg=",
            "timeouts": null,
            "zone": "us-central1-a"
          },
          "sensitive_attributes": [],
          "private": "eyJlMmJmYjczMC1lY2FhLTExZTYtOGY4OC0zNDM2M2JjN2M0YzAiOnsiY3JlYXRlIjoxMjAwMDAwMDAwMDAwLCJkZWxldGUiOjEyMDAwMDAwMDAwMDAsInVwZGF0ZSI6MTIwMDAwMDAwMDAwMH0sInNjaGVtYV92ZXJzaW9uIjoiNiJ9",
          "dependencies": [
            "google_compute_address.internal-addresses",
            "module.images.data.google_compute_image.coreos"
          ]
        },
        {
          "index_key": 1,
          "schema_version": 6,
          "attributes": {
            "advanced_machine_features": [],
            "allow_stopping_for_update": true,
            "attached_disk": [],
            "boot_disk": [
              {
                "auto_delete": true,
                "device_name": "persistent-disk-0",
                "disk_encryption_key_raw": "",
                "disk_encryption_key_sha256": "",
                "initialize_params": [
                  {
                    "image": "https://www.googleapis.com/compute/v1/projects/cos-cloud/global/images/cos-97-16919-29-40",
                    "labels": {},
                    "size": 10,
                    "type": "pd-standard"
                  }
                ],
                "kms_key_self_link": "",
                "mode": "READ_WRITE",
                "source": "https://www.googleapis.com/compute/v1/projects/stride-nodes/zones/us-central1-a/disks/testnet-stride-node2"
              }
            ],
            "can_ip_forward": false,
            "confidential_instance_config": [],
            "cpu_platform": "Intel Broadwell",
            "current_status": "RUNNING",
            "deletion_protection": false,
            "description": "",
            "desired_status": null,
            "enable_display": false,
            "guest_accelerator": [],
            "hostname": "",
            "id": "projects/stride-nodes/zones/us-central1-a/instances/testnet-stride-node2",
            "instance_id": "2653211501889455921",
            "label_fingerprint": "42WmSpB8rSM=",
            "labels": null,
            "machine_type": "e2-standard-4",
            "metadata": {
              "enable-oslogin": "TRUE",
              "gce-container-declaration": "\"spec\":\n  \"containers\":\n  - \"image\": \"gcr.io/stride-nodes/testnet:stride-node2\"\n  \"restartPolicy\": \"Always\"\n  \"volumes\": []\n"
            },
            "metadata_fingerprint": "Ij9yWwj9mPY=",
            "metadata_startup_script": null,
            "min_cpu_platform": "",
            "name": "testnet-stride-node2",
            "network_interface": [
              {
                "access_config": [
                  {
                    "nat_ip": "34.68.29.246",
                    "network_tier": "PREMIUM",
                    "public_ptr_domain_name": ""
                  }
                ],
                "alias_ip_range": [],
                "ipv6_access_config": [],
                "ipv6_access_type": "",
                "name": "nic0",
                "network": "https://www.googleapis.com/compute/v1/projects/stride-nodes/global/networks/default",
                "network_ip": "10.128.0.57",
                "nic_type": "",
                "queue_count": 0,
                "stack_type": "IPV4_ONLY",
                "subnetwork": "https://www.googleapis.com/compute/v1/projects/stride-nodes/regions/us-central1/subnetworks/default",
                "subnetwork_project": "stride-nodes"
              }
            ],
            "project": "stride-nodes",
            "reservation_affinity": [],
            "resource_policies": null,
            "scheduling": [
              {
                "automatic_restart": true,
                "min_node_cpus": 0,
                "node_affinities": [],
                "on_host_maintenance": "MIGRATE",
                "preemptible": false,
                "provisioning_model": "STANDARD"
              }
            ],
            "scratch_disk": [],
            "self_link": "https://www.googleapis.com/compute/v1/projects/stride-nodes/zones/us-central1-a/instances/testnet-stride-node2",
            "service_account": [
              {
                "email": "173572098342-compute@developer.gserviceaccount.com",
                "scopes": [
                  "https://www.googleapis.com/auth/devstorage.read_only",
                  "https://www.googleapis.com/auth/logging.write",
                  "https://www.googleapis.com/auth/monitoring.write",
                  "https://www.googleapis.com/auth/service.management.readonly",
                  "https://www.googleapis.com/auth/servicecontrol",
                  "https://www.googleapis.com/auth/trace.append"
                ]
              }
            ],
            "shielded_instance_config": [
              {
                "enable_integrity_monitoring": true,
                "enable_secure_boot": false,
                "enable_vtpm": true
              }
            ],
            "tags": [
              "ssh"
            ],
            "tags_fingerprint": "pfSjJj1RiUg=",
            "timeouts": null,
            "zone": "us-central1-a"
          },
          "sensitive_attributes": [],
          "private": "eyJlMmJmYjczMC1lY2FhLTExZTYtOGY4OC0zNDM2M2JjN2M0YzAiOnsiY3JlYXRlIjoxMjAwMDAwMDAwMDAwLCJkZWxldGUiOjEyMDAwMDAwMDAwMDAsInVwZGF0ZSI6MTIwMDAwMDAwMDAwMH0sInNjaGVtYV92ZXJzaW9uIjoiNiJ9",
          "dependencies": [
            "google_compute_address.internal-addresses",
            "module.images.data.google_compute_image.coreos"
          ]
        },
        {
          "index_key": 2,
          "schema_version": 6,
          "attributes": {
            "advanced_machine_features": [],
            "allow_stopping_for_update": true,
            "attached_disk": [],
            "boot_disk": [
              {
                "auto_delete": true,
                "device_name": "persistent-disk-0",
                "disk_encryption_key_raw": "",
                "disk_encryption_key_sha256": "",
                "initialize_params": [
                  {
                    "image": "https://www.googleapis.com/compute/v1/projects/cos-cloud/global/images/cos-97-16919-29-40",
                    "labels": {},
                    "size": 10,
                    "type": "pd-standard"
                  }
                ],
                "kms_key_self_link": "",
                "mode": "READ_WRITE",
                "source": "https://www.googleapis.com/compute/v1/projects/stride-nodes/zones/us-central1-a/disks/testnet-stride-node3"
              }
            ],
            "can_ip_forward": false,
            "confidential_instance_config": [],
            "cpu_platform": "Intel Broadwell",
            "current_status": "RUNNING",
            "deletion_protection": false,
            "description": "",
            "desired_status": null,
            "enable_display": false,
            "guest_accelerator": [],
            "hostname": "",
            "id": "projects/stride-nodes/zones/us-central1-a/instances/testnet-stride-node3",
            "instance_id": "7550008500376176433",
            "label_fingerprint": "42WmSpB8rSM=",
            "labels": null,
            "machine_type": "e2-standard-4",
            "metadata": {
              "enable-oslogin": "TRUE",
              "gce-container-declaration": "\"spec\":\n  \"containers\":\n  - \"image\": \"gcr.io/stride-nodes/testnet:stride-node3\"\n  \"restartPolicy\": \"Always\"\n  \"volumes\": []\n"
            },
            "metadata_fingerprint": "gjpKA1taWZ0=",
            "metadata_startup_script": null,
            "min_cpu_platform": "",
            "name": "testnet-stride-node3",
            "network_interface": [
              {
                "access_config": [
                  {
                    "nat_ip": "35.225.11.240",
                    "network_tier": "PREMIUM",
                    "public_ptr_domain_name": ""
                  }
                ],
                "alias_ip_range": [],
                "ipv6_access_config": [],
                "ipv6_access_type": "",
                "name": "nic0",
                "network": "https://www.googleapis.com/compute/v1/projects/stride-nodes/global/networks/default",
                "network_ip": "10.128.0.55",
                "nic_type": "",
                "queue_count": 0,
                "stack_type": "IPV4_ONLY",
                "subnetwork": "https://www.googleapis.com/compute/v1/projects/stride-nodes/regions/us-central1/subnetworks/default",
                "subnetwork_project": "stride-nodes"
              }
            ],
            "project": "stride-nodes",
            "reservation_affinity": [],
            "resource_policies": null,
            "scheduling": [
              {
                "automatic_restart": true,
                "min_node_cpus": 0,
                "node_affinities": [],
                "on_host_maintenance": "MIGRATE",
                "preemptible": false,
                "provisioning_model": "STANDARD"
              }
            ],
            "scratch_disk": [],
            "self_link": "https://www.googleapis.com/compute/v1/projects/stride-nodes/zones/us-central1-a/instances/testnet-stride-node3",
            "service_account": [
              {
                "email": "173572098342-compute@developer.gserviceaccount.com",
                "scopes": [
                  "https://www.googleapis.com/auth/devstorage.read_only",
                  "https://www.googleapis.com/auth/logging.write",
                  "https://www.googleapis.com/auth/monitoring.write",
                  "https://www.googleapis.com/auth/service.management.readonly",
                  "https://www.googleapis.com/auth/servicecontrol",
                  "https://www.googleapis.com/auth/trace.append"
                ]
              }
            ],
            "shielded_instance_config": [
              {
                "enable_integrity_monitoring": true,
                "enable_secure_boot": false,
                "enable_vtpm": true
              }
            ],
            "tags": [
              "ssh"
            ],
            "tags_fingerprint": "pfSjJj1RiUg=",
            "timeouts": null,
            "zone": "us-central1-a"
          },
          "sensitive_attributes": [],
          "private": "eyJlMmJmYjczMC1lY2FhLTExZTYtOGY4OC0zNDM2M2JjN2M0YzAiOnsiY3JlYXRlIjoxMjAwMDAwMDAwMDAwLCJkZWxldGUiOjEyMDAwMDAwMDAwMDAsInVwZGF0ZSI6MTIwMDAwMDAwMDAwMH0sInNjaGVtYV92ZXJzaW9uIjoiNiJ9",
          "dependencies": [
            "google_compute_address.internal-addresses",
            "module.images.data.google_compute_image.coreos"
          ]
        },
        {
          "index_key": 3,
          "schema_version": 6,
          "attributes": {
            "advanced_machine_features": [],
            "allow_stopping_for_update": true,
            "attached_disk": [],
            "boot_disk": [
              {
                "auto_delete": true,
                "device_name": "persistent-disk-0",
                "disk_encryption_key_raw": "",
                "disk_encryption_key_sha256": "",
                "initialize_params": [
                  {
                    "image": "https://www.googleapis.com/compute/v1/projects/cos-cloud/global/images/cos-97-16919-29-40",
                    "labels": {},
                    "size": 10,
                    "type": "pd-standard"
                  }
                ],
                "kms_key_self_link": "",
                "mode": "READ_WRITE",
                "source": "https://www.googleapis.com/compute/v1/projects/stride-nodes/zones/us-central1-a/disks/testnet-gaia"
              }
            ],
            "can_ip_forward": false,
            "confidential_instance_config": [],
            "cpu_platform": "Intel Broadwell",
            "current_status": "RUNNING",
            "deletion_protection": false,
            "description": "",
            "desired_status": null,
            "enable_display": false,
            "guest_accelerator": [],
            "hostname": "",
            "id": "projects/stride-nodes/zones/us-central1-a/instances/testnet-gaia",
            "instance_id": "1563756887929390897",
            "label_fingerprint": "42WmSpB8rSM=",
            "labels": null,
            "machine_type": "e2-standard-4",
            "metadata": {
              "enable-oslogin": "TRUE",
              "gce-container-declaration": "\"spec\":\n  \"containers\":\n  - \"image\": \"gcr.io/stride-nodes/testnet:gaia\"\n  \"restartPolicy\": \"Always\"\n  \"volumes\": []\n"
            },
            "metadata_fingerprint": "3rRfrtpuypc=",
            "metadata_startup_script": null,
            "min_cpu_platform": "",
            "name": "testnet-gaia",
            "network_interface": [
              {
                "access_config": [
                  {
                    "nat_ip": "34.66.79.255",
                    "network_tier": "PREMIUM",
                    "public_ptr_domain_name": ""
                  }
                ],
                "alias_ip_range": [],
                "ipv6_access_config": [],
                "ipv6_access_type": "",
                "name": "nic0",
                "network": "https://www.googleapis.com/compute/v1/projects/stride-nodes/global/networks/default",
                "network_ip": "10.128.0.54",
                "nic_type": "",
                "queue_count": 0,
                "stack_type": "IPV4_ONLY",
                "subnetwork": "https://www.googleapis.com/compute/v1/projects/stride-nodes/regions/us-central1/subnetworks/default",
                "subnetwork_project": "stride-nodes"
              }
            ],
            "project": "stride-nodes",
            "reservation_affinity": [],
            "resource_policies": null,
            "scheduling": [
              {
                "automatic_restart": true,
                "min_node_cpus": 0,
                "node_affinities": [],
                "on_host_maintenance": "MIGRATE",
                "preemptible": false,
                "provisioning_model": "STANDARD"
              }
            ],
            "scratch_disk": [],
            "self_link": "https://www.googleapis.com/compute/v1/projects/stride-nodes/zones/us-central1-a/instances/testnet-gaia",
            "service_account": [
              {
                "email": "173572098342-compute@developer.gserviceaccount.com",
                "scopes": [
                  "https://www.googleapis.com/auth/devstorage.read_only",
                  "https://www.googleapis.com/auth/logging.write",
                  "https://www.googleapis.com/auth/monitoring.write",
                  "https://www.googleapis.com/auth/service.management.readonly",
                  "https://www.googleapis.com/auth/servicecontrol",
                  "https://www.googleapis.com/auth/trace.append"
                ]
              }
            ],
            "shielded_instance_config": [
              {
                "enable_integrity_monitoring": true,
                "enable_secure_boot": false,
                "enable_vtpm": true
              }
            ],
            "tags": [
              "ssh"
            ],
            "tags_fingerprint": "pfSjJj1RiUg=",
            "timeouts": null,
            "zone": "us-central1-a"
          },
          "sensitive_attributes": [],
          "private": "eyJlMmJmYjczMC1lY2FhLTExZTYtOGY4OC0zNDM2M2JjN2M0YzAiOnsiY3JlYXRlIjoxMjAwMDAwMDAwMDAwLCJkZWxldGUiOjEyMDAwMDAwMDAwMDAsInVwZGF0ZSI6MTIwMDAwMDAwMDAwMH0sInNjaGVtYV92ZXJzaW9uIjoiNiJ9",
          "dependencies": [
            "google_compute_address.internal-addresses",
            "module.images.data.google_compute_image.coreos"
          ]
        },
        {
          "index_key": 4,
          "schema_version": 6,
          "attributes": {
            "advanced_machine_features": [],
            "allow_stopping_for_update": true,
            "attached_disk": [],
            "boot_disk": [
              {
                "auto_delete": true,
                "device_name": "persistent-disk-0",
                "disk_encryption_key_raw": "",
                "disk_encryption_key_sha256": "",
                "initialize_params": [
                  {
                    "image": "https://www.googleapis.com/compute/v1/projects/cos-cloud/global/images/cos-97-16919-29-40",
                    "labels": {},
                    "size": 10,
                    "type": "pd-standard"
                  }
                ],
                "kms_key_self_link": "",
                "mode": "READ_WRITE",
                "source": "https://www.googleapis.com/compute/v1/projects/stride-nodes/zones/us-central1-a/disks/testnet-hermes"
              }
            ],
            "can_ip_forward": false,
            "confidential_instance_config": [],
            "cpu_platform": "Intel Broadwell",
            "current_status": "RUNNING",
            "deletion_protection": false,
            "description": "",
            "desired_status": null,
            "enable_display": false,
            "guest_accelerator": [],
            "hostname": "",
            "id": "projects/stride-nodes/zones/us-central1-a/instances/testnet-hermes",
            "instance_id": "3813402955904321329",
            "label_fingerprint": "42WmSpB8rSM=",
            "labels": null,
            "machine_type": "e2-standard-4",
            "metadata": {
              "enable-oslogin": "TRUE",
              "gce-container-declaration": "\"spec\":\n  \"containers\":\n  - \"image\": \"gcr.io/stride-nodes/testnet:hermes\"\n  \"restartPolicy\": \"Always\"\n  \"volumes\": []\n"
            },
            "metadata_fingerprint": "zGUNLt9K0Vw=",
            "metadata_startup_script": null,
            "min_cpu_platform": "",
            "name": "testnet-hermes",
            "network_interface": [
              {
                "access_config": [
                  {
                    "nat_ip": "35.239.211.50",
                    "network_tier": "PREMIUM",
                    "public_ptr_domain_name": ""
                  }
                ],
                "alias_ip_range": [],
                "ipv6_access_config": [],
                "ipv6_access_type": "",
                "name": "nic0",
                "network": "https://www.googleapis.com/compute/v1/projects/stride-nodes/global/networks/default",
                "network_ip": "10.128.0.56",
                "nic_type": "",
                "queue_count": 0,
                "stack_type": "IPV4_ONLY",
                "subnetwork": "https://www.googleapis.com/compute/v1/projects/stride-nodes/regions/us-central1/subnetworks/default",
                "subnetwork_project": "stride-nodes"
              }
            ],
            "project": "stride-nodes",
            "reservation_affinity": [],
            "resource_policies": null,
            "scheduling": [
              {
                "automatic_restart": true,
                "min_node_cpus": 0,
                "node_affinities": [],
                "on_host_maintenance": "MIGRATE",
                "preemptible": false,
                "provisioning_model": "STANDARD"
              }
            ],
            "scratch_disk": [],
            "self_link": "https://www.googleapis.com/compute/v1/projects/stride-nodes/zones/us-central1-a/instances/testnet-hermes",
            "service_account": [
              {
                "email": "173572098342-compute@developer.gserviceaccount.com",
                "scopes": [
                  "https://www.googleapis.com/auth/devstorage.read_only",
                  "https://www.googleapis.com/auth/logging.write",
                  "https://www.googleapis.com/auth/monitoring.write",
                  "https://www.googleapis.com/auth/service.management.readonly",
                  "https://www.googleapis.com/auth/servicecontrol",
                  "https://www.googleapis.com/auth/trace.append"
                ]
              }
            ],
            "shielded_instance_config": [
              {
                "enable_integrity_monitoring": true,
                "enable_secure_boot": false,
                "enable_vtpm": true
              }
            ],
            "tags": [
              "ssh"
            ],
            "tags_fingerprint": "pfSjJj1RiUg=",
            "timeouts": null,
            "zone": "us-central1-a"
          },
          "sensitive_attributes": [],
          "private": "eyJlMmJmYjczMC1lY2FhLTExZTYtOGY4OC0zNDM2M2JjN2M0YzAiOnsiY3JlYXRlIjoxMjAwMDAwMDAwMDAwLCJkZWxldGUiOjEyMDAwMDAwMDAwMDAsInVwZGF0ZSI6MTIwMDAwMDAwMDAwMH0sInNjaGVtYV92ZXJzaW9uIjoiNiJ9",
          "dependencies": [
            "google_compute_address.internal-addresses",
            "module.images.data.google_compute_image.coreos"
          ]
        },
        {
          "index_key": 5,
          "schema_version": 6,
          "attributes": {
            "advanced_machine_features": [],
            "allow_stopping_for_update": true,
            "attached_disk": [],
            "boot_disk": [
              {
                "auto_delete": true,
                "device_name": "persistent-disk-0",
                "disk_encryption_key_raw": "",
                "disk_encryption_key_sha256": "",
                "initialize_params": [
                  {
                    "image": "https://www.googleapis.com/compute/v1/projects/cos-cloud/global/images/cos-97-16919-29-40",
                    "labels": {},
                    "size": 10,
                    "type": "pd-standard"
                  }
                ],
                "kms_key_self_link": "",
                "mode": "READ_WRITE",
                "source": "https://www.googleapis.com/compute/v1/projects/stride-nodes/zones/us-central1-a/disks/testnet-icq"
              }
            ],
            "can_ip_forward": false,
            "confidential_instance_config": [],
            "cpu_platform": "Intel Broadwell",
            "current_status": "RUNNING",
            "deletion_protection": false,
            "description": "",
            "desired_status": null,
            "enable_display": false,
            "guest_accelerator": [],
            "hostname": "",
            "id": "projects/stride-nodes/zones/us-central1-a/instances/testnet-icq",
            "instance_id": "3652697202517215025",
            "label_fingerprint": "42WmSpB8rSM=",
            "labels": null,
            "machine_type": "e2-standard-4",
            "metadata": {
              "enable-oslogin": "TRUE",
              "gce-container-declaration": "\"spec\":\n  \"containers\":\n  - \"image\": \"gcr.io/stride-nodes/testnet:icq\"\n  \"restartPolicy\": \"Always\"\n  \"volumes\": []\n"
            },
            "metadata_fingerprint": "SrDbV984esI=",
            "metadata_startup_script": null,
            "min_cpu_platform": "",
            "name": "testnet-icq",
            "network_interface": [
              {
                "access_config": [
                  {
                    "nat_ip": "35.223.222.97",
                    "network_tier": "PREMIUM",
                    "public_ptr_domain_name": ""
                  }
                ],
                "alias_ip_range": [],
                "ipv6_access_config": [],
                "ipv6_access_type": "",
                "name": "nic0",
                "network": "https://www.googleapis.com/compute/v1/projects/stride-nodes/global/networks/default",
                "network_ip": "10.128.0.53",
                "nic_type": "",
                "queue_count": 0,
                "stack_type": "IPV4_ONLY",
                "subnetwork": "https://www.googleapis.com/compute/v1/projects/stride-nodes/regions/us-central1/subnetworks/default",
                "subnetwork_project": "stride-nodes"
              }
            ],
            "project": "stride-nodes",
            "reservation_affinity": [],
            "resource_policies": null,
            "scheduling": [
              {
                "automatic_restart": true,
                "min_node_cpus": 0,
                "node_affinities": [],
                "on_host_maintenance": "MIGRATE",
                "preemptible": false,
                "provisioning_model": "STANDARD"
              }
            ],
            "scratch_disk": [],
            "self_link": "https://www.googleapis.com/compute/v1/projects/stride-nodes/zones/us-central1-a/instances/testnet-icq",
            "service_account": [
              {
                "email": "173572098342-compute@developer.gserviceaccount.com",
                "scopes": [
                  "https://www.googleapis.com/auth/devstorage.read_only",
                  "https://www.googleapis.com/auth/logging.write",
                  "https://www.googleapis.com/auth/monitoring.write",
                  "https://www.googleapis.com/auth/service.management.readonly",
                  "https://www.googleapis.com/auth/servicecontrol",
                  "https://www.googleapis.com/auth/trace.append"
                ]
              }
            ],
            "shielded_instance_config": [
              {
                "enable_integrity_monitoring": true,
                "enable_secure_boot": false,
                "enable_vtpm": true
              }
            ],
            "tags": [
              "ssh"
            ],
            "tags_fingerprint": "pfSjJj1RiUg=",
            "timeouts": null,
            "zone": "us-central1-a"
          },
          "sensitive_attributes": [],
          "private": "eyJlMmJmYjczMC1lY2FhLTExZTYtOGY4OC0zNDM2M2JjN2M0YzAiOnsiY3JlYXRlIjoxMjAwMDAwMDAwMDAwLCJkZWxldGUiOjEyMDAwMDAwMDAwMDAsInVwZGF0ZSI6MTIwMDAwMDAwMDAwMH0sInNjaGVtYV92ZXJzaW9uIjoiNiJ9",
          "dependencies": [
            "google_compute_address.internal-addresses",
            "module.images.data.google_compute_image.coreos"
          ]
        }
      ]
    },
    {
      "mode": "managed",
      "type": "google_dns_managed_zone",
      "name": "stridenet-network-sub-zone",
      "provider": "provider[\"registry.terraform.io/hashicorp/google\"]",
      "instances": [
        {
          "schema_version": 0,
          "attributes": {
            "description": "Managed by Terraform",
            "dns_name": "testnet.stridenet.co.",
            "dnssec_config": [],
            "force_destroy": false,
            "forwarding_config": [],
            "id": "projects/stride-nodes/managedZones/testnet-stridenet",
            "labels": null,
            "name": "testnet-stridenet",
            "name_servers": [
              "ns-cloud-d1.googledomains.com.",
              "ns-cloud-d2.googledomains.com.",
              "ns-cloud-d3.googledomains.com.",
              "ns-cloud-d4.googledomains.com."
            ],
            "peering_config": [],
            "private_visibility_config": [],
            "project": "stride-nodes",
            "timeouts": null,
            "visibility": "public"
          },
          "sensitive_attributes": [],
          "private": "eyJlMmJmYjczMC1lY2FhLTExZTYtOGY4OC0zNDM2M2JjN2M0YzAiOnsiY3JlYXRlIjoxMjAwMDAwMDAwMDAwLCJkZWxldGUiOjEyMDAwMDAwMDAwMDAsInVwZGF0ZSI6MTIwMDAwMDAwMDAwMH19"
        }
      ]
    },
    {
      "mode": "managed",
      "type": "google_dns_record_set",
      "name": "external-addresses",
      "provider": "provider[\"registry.terraform.io/hashicorp/google\"]",
      "instances": [
        {
          "index_key": 0,
          "schema_version": 0,
          "attributes": {
            "id": "projects/stride-nodes/managedZones/testnet-stridenet/rrsets/stride-node1.testnet.stridenet.co./A",
            "managed_zone": "testnet-stridenet",
            "name": "stride-node1.testnet.stridenet.co.",
            "project": "stride-nodes",
            "routing_policy": [],
            "rrdatas": [
              "34.69.181.177"
            ],
            "ttl": 300,
            "type": "A"
          },
          "sensitive_attributes": [],
          "private": "bnVsbA==",
          "dependencies": [
            "google_compute_address.internal-addresses",
            "google_compute_instance.nodes",
            "google_dns_managed_zone.stridenet-network-sub-zone",
            "module.images.data.google_compute_image.coreos"
          ]
        },
        {
          "index_key": 1,
          "schema_version": 0,
          "attributes": {
            "id": "projects/stride-nodes/managedZones/testnet-stridenet/rrsets/stride-node2.testnet.stridenet.co./A",
            "managed_zone": "testnet-stridenet",
            "name": "stride-node2.testnet.stridenet.co.",
            "project": "stride-nodes",
            "routing_policy": [],
            "rrdatas": [
              "34.68.29.246"
            ],
            "ttl": 300,
            "type": "A"
          },
          "sensitive_attributes": [],
          "private": "bnVsbA==",
          "dependencies": [
            "google_compute_address.internal-addresses",
            "google_compute_instance.nodes",
            "google_dns_managed_zone.stridenet-network-sub-zone",
            "module.images.data.google_compute_image.coreos"
          ]
        },
        {
          "index_key": 2,
          "schema_version": 0,
          "attributes": {
            "id": "projects/stride-nodes/managedZones/testnet-stridenet/rrsets/stride-node3.testnet.stridenet.co./A",
            "managed_zone": "testnet-stridenet",
            "name": "stride-node3.testnet.stridenet.co.",
            "project": "stride-nodes",
            "routing_policy": [],
            "rrdatas": [
              "35.225.11.240"
            ],
            "ttl": 300,
            "type": "A"
          },
          "sensitive_attributes": [],
          "private": "bnVsbA==",
          "dependencies": [
            "google_compute_address.internal-addresses",
            "google_compute_instance.nodes",
            "google_dns_managed_zone.stridenet-network-sub-zone",
            "module.images.data.google_compute_image.coreos"
          ]
        },
        {
          "index_key": 3,
          "schema_version": 0,
          "attributes": {
            "id": "projects/stride-nodes/managedZones/testnet-stridenet/rrsets/gaia.testnet.stridenet.co./A",
            "managed_zone": "testnet-stridenet",
            "name": "gaia.testnet.stridenet.co.",
            "project": "stride-nodes",
            "routing_policy": [],
            "rrdatas": [
              "34.66.79.255"
            ],
            "ttl": 300,
            "type": "A"
          },
          "sensitive_attributes": [],
          "private": "bnVsbA==",
          "dependencies": [
            "google_compute_address.internal-addresses",
            "google_compute_instance.nodes",
            "google_dns_managed_zone.stridenet-network-sub-zone",
            "module.images.data.google_compute_image.coreos"
          ]
        },
        {
          "index_key": 4,
          "schema_version": 0,
          "attributes": {
            "id": "projects/stride-nodes/managedZones/testnet-stridenet/rrsets/hermes.testnet.stridenet.co./A",
            "managed_zone": "testnet-stridenet",
            "name": "hermes.testnet.stridenet.co.",
            "project": "stride-nodes",
            "routing_policy": [],
            "rrdatas": [
              "35.239.211.50"
            ],
            "ttl": 300,
            "type": "A"
          },
          "sensitive_attributes": [],
          "private": "bnVsbA==",
          "dependencies": [
            "google_compute_address.internal-addresses",
            "google_compute_instance.nodes",
            "google_dns_managed_zone.stridenet-network-sub-zone",
            "module.images.data.google_compute_image.coreos"
          ]
        },
        {
          "index_key": 5,
          "schema_version": 0,
          "attributes": {
            "id": "projects/stride-nodes/managedZones/testnet-stridenet/rrsets/icq.testnet.stridenet.co./A",
            "managed_zone": "testnet-stridenet",
            "name": "icq.testnet.stridenet.co.",
            "project": "stride-nodes",
            "routing_policy": [],
            "rrdatas": [
              "35.223.222.97"
            ],
            "ttl": 300,
            "type": "A"
          },
          "sensitive_attributes": [],
          "private": "bnVsbA==",
          "dependencies": [
            "google_compute_address.internal-addresses",
            "google_compute_instance.nodes",
            "google_dns_managed_zone.stridenet-network-sub-zone",
            "module.images.data.google_compute_image.coreos"
          ]
        }
      ]
    },
    {
      "mode": "managed",
      "type": "google_dns_record_set",
      "name": "stridenet-sub-zone-name-service",
      "provider": "provider[\"registry.terraform.io/hashicorp/google\"]",
      "instances": [
        {
          "schema_version": 0,
          "attributes": {
            "id": "projects/stride-nodes/managedZones/testnet-stridenet/rrsets/testnet.stridenet.co./SOA",
            "managed_zone": "testnet-stridenet",
            "name": "testnet.stridenet.co.",
            "project": "stride-nodes",
            "routing_policy": [],
            "rrdatas": [
              "ns-cloud-a1.googledomains.com. cloud-dns-hostmaster.google.com. 1 21600 3600 259200 300"
            ],
            "ttl": 21600,
            "type": "SOA"
          },
          "sensitive_attributes": [],
          "private": "bnVsbA==",
          "dependencies": [
            "google_dns_managed_zone.stridenet-network-sub-zone"
          ]
        }
      ]
    },
    {
      "mode": "managed",
      "type": "google_dns_record_set",
      "name": "stridenet-sub-zone-name-service-in-parent",
      "provider": "provider[\"registry.terraform.io/hashicorp/google\"]",
      "instances": [
        {
          "schema_version": 0,
          "attributes": {
            "id": "projects/stride-nodes/managedZones/stridenet/rrsets/testnet.stridenet.co./NS",
            "managed_zone": "stridenet",
            "name": "testnet.stridenet.co.",
            "project": "stride-nodes",
            "routing_policy": [],
            "rrdatas": [
              "ns-cloud-a1.googledomains.com.",
              "ns-cloud-a2.googledomains.com.",
              "ns-cloud-a3.googledomains.com.",
              "ns-cloud-a4.googledomains.com."
            ],
            "ttl": 300,
            "type": "NS"
          },
          "sensitive_attributes": [],
          "private": "bnVsbA==",
          "dependencies": [
            "google_dns_managed_zone.stridenet-network-sub-zone"
          ]
        }
      ]
    },
    {
      "mode": "managed",
      "type": "google_dns_record_set",
      "name": "stridenet-sub-zone-start-of-authority",
      "provider": "provider[\"registry.terraform.io/hashicorp/google\"]",
      "instances": [
        {
          "schema_version": 0,
          "attributes": {
            "id": "projects/stride-nodes/managedZones/testnet-stridenet/rrsets/testnet.stridenet.co./NS",
            "managed_zone": "testnet-stridenet",
            "name": "testnet.stridenet.co.",
            "project": "stride-nodes",
            "routing_policy": [],
            "rrdatas": [
              "ns-cloud-a1.googledomains.com.",
              "ns-cloud-a2.googledomains.com.",
              "ns-cloud-a3.googledomains.com.",
              "ns-cloud-a4.googledomains.com."
            ],
            "ttl": 300,
            "type": "NS"
          },
          "sensitive_attributes": [],
          "private": "bnVsbA==",
          "dependencies": [
            "google_dns_managed_zone.stridenet-network-sub-zone"
          ]
        }
      ]
    },
    {
      "module": "module.images[0]",
      "mode": "data",
      "type": "google_compute_image",
      "name": "coreos",
      "provider": "provider[\"registry.terraform.io/hashicorp/google\"]",
      "instances": [
        {
          "schema_version": 0,
          "attributes": {
            "archive_size_bytes": 1300890432,
            "creation_timestamp": "2022-06-03T15:07:33.867-07:00",
            "description": "Google, Container-Optimized OS, 97-16919.29.40 stable, Kernel: COS-5.10.107 Kubernetes: 1.23.3 Docker: 20.10.12 Family: cos-stable, supports Shielded VM features, supports Confidential VM features on N2D",
            "disk_size_gb": 10,
            "family": "cos-stable",
            "filter": null,
            "id": "projects/cos-cloud/global/images/cos-stable-97-16919-29-40",
            "image_encryption_key_sha256": "",
            "image_id": "5440386440791275722",
            "label_fingerprint": "cv1EMzLCn1k=",
            "labels": {
              "build_number": "16919-29-40",
              "milestone": "97"
            },
            "licenses": [
              "https://www.googleapis.com/compute/v1/projects/cos-cloud/global/licenses/cos-pcid",
              "https://www.googleapis.com/compute/v1/projects/cos-cloud-shielded/global/licenses/shielded-cos",
              "https://www.googleapis.com/compute/v1/projects/cos-cloud/global/licenses/cos"
            ],
            "name": "cos-stable-97-16919-29-40",
            "project": "cos-cloud",
            "self_link": "https://www.googleapis.com/compute/v1/projects/cos-cloud/global/images/cos-stable-97-16919-29-40",
            "source_disk": "",
            "source_disk_encryption_key_sha256": "",
            "source_disk_id": "",
            "source_image_id": "",
            "status": "READY"
          },
          "sensitive_attributes": []
        }
      ]
    },
    {
      "module": "module.images[1]",
      "mode": "data",
      "type": "google_compute_image",
      "name": "coreos",
      "provider": "provider[\"registry.terraform.io/hashicorp/google\"]",
      "instances": [
        {
          "schema_version": 0,
          "attributes": {
            "archive_size_bytes": 1300890432,
            "creation_timestamp": "2022-06-03T15:07:33.867-07:00",
            "description": "Google, Container-Optimized OS, 97-16919.29.40 stable, Kernel: COS-5.10.107 Kubernetes: 1.23.3 Docker: 20.10.12 Family: cos-stable, supports Shielded VM features, supports Confidential VM features on N2D",
            "disk_size_gb": 10,
            "family": "cos-stable",
            "filter": null,
            "id": "projects/cos-cloud/global/images/cos-stable-97-16919-29-40",
            "image_encryption_key_sha256": "",
            "image_id": "5440386440791275722",
            "label_fingerprint": "cv1EMzLCn1k=",
            "labels": {
              "build_number": "16919-29-40",
              "milestone": "97"
            },
            "licenses": [
              "https://www.googleapis.com/compute/v1/projects/cos-cloud/global/licenses/cos-pcid",
              "https://www.googleapis.com/compute/v1/projects/cos-cloud-shielded/global/licenses/shielded-cos",
              "https://www.googleapis.com/compute/v1/projects/cos-cloud/global/licenses/cos"
            ],
            "name": "cos-stable-97-16919-29-40",
            "project": "cos-cloud",
            "self_link": "https://www.googleapis.com/compute/v1/projects/cos-cloud/global/images/cos-stable-97-16919-29-40",
            "source_disk": "",
            "source_disk_encryption_key_sha256": "",
            "source_disk_id": "",
            "source_image_id": "",
            "status": "READY"
          },
          "sensitive_attributes": []
        }
      ]
    },
    {
      "module": "module.images[2]",
      "mode": "data",
      "type": "google_compute_image",
      "name": "coreos",
      "provider": "provider[\"registry.terraform.io/hashicorp/google\"]",
      "instances": [
        {
          "schema_version": 0,
          "attributes": {
            "archive_size_bytes": 1300890432,
            "creation_timestamp": "2022-06-03T15:07:33.867-07:00",
            "description": "Google, Container-Optimized OS, 97-16919.29.40 stable, Kernel: COS-5.10.107 Kubernetes: 1.23.3 Docker: 20.10.12 Family: cos-stable, supports Shielded VM features, supports Confidential VM features on N2D",
            "disk_size_gb": 10,
            "family": "cos-stable",
            "filter": null,
            "id": "projects/cos-cloud/global/images/cos-stable-97-16919-29-40",
            "image_encryption_key_sha256": "",
            "image_id": "5440386440791275722",
            "label_fingerprint": "cv1EMzLCn1k=",
            "labels": {
              "build_number": "16919-29-40",
              "milestone": "97"
            },
            "licenses": [
              "https://www.googleapis.com/compute/v1/projects/cos-cloud/global/licenses/cos-pcid",
              "https://www.googleapis.com/compute/v1/projects/cos-cloud-shielded/global/licenses/shielded-cos",
              "https://www.googleapis.com/compute/v1/projects/cos-cloud/global/licenses/cos"
            ],
            "name": "cos-stable-97-16919-29-40",
            "project": "cos-cloud",
            "self_link": "https://www.googleapis.com/compute/v1/projects/cos-cloud/global/images/cos-stable-97-16919-29-40",
            "source_disk": "",
            "source_disk_encryption_key_sha256": "",
            "source_disk_id": "",
            "source_image_id": "",
            "status": "READY"
          },
          "sensitive_attributes": []
        }
      ]
    },
    {
      "module": "module.images[3]",
      "mode": "data",
      "type": "google_compute_image",
      "name": "coreos",
      "provider": "provider[\"registry.terraform.io/hashicorp/google\"]",
      "instances": [
        {
          "schema_version": 0,
          "attributes": {
            "archive_size_bytes": 1300890432,
            "creation_timestamp": "2022-06-03T15:07:33.867-07:00",
            "description": "Google, Container-Optimized OS, 97-16919.29.40 stable, Kernel: COS-5.10.107 Kubernetes: 1.23.3 Docker: 20.10.12 Family: cos-stable, supports Shielded VM features, supports Confidential VM features on N2D",
            "disk_size_gb": 10,
            "family": "cos-stable",
            "filter": null,
            "id": "projects/cos-cloud/global/images/cos-stable-97-16919-29-40",
            "image_encryption_key_sha256": "",
            "image_id": "5440386440791275722",
            "label_fingerprint": "cv1EMzLCn1k=",
            "labels": {
              "build_number": "16919-29-40",
              "milestone": "97"
            },
            "licenses": [
              "https://www.googleapis.com/compute/v1/projects/cos-cloud/global/licenses/cos-pcid",
              "https://www.googleapis.com/compute/v1/projects/cos-cloud-shielded/global/licenses/shielded-cos",
              "https://www.googleapis.com/compute/v1/projects/cos-cloud/global/licenses/cos"
            ],
            "name": "cos-stable-97-16919-29-40",
            "project": "cos-cloud",
            "self_link": "https://www.googleapis.com/compute/v1/projects/cos-cloud/global/images/cos-stable-97-16919-29-40",
            "source_disk": "",
            "source_disk_encryption_key_sha256": "",
            "source_disk_id": "",
            "source_image_id": "",
            "status": "READY"
          },
          "sensitive_attributes": []
        }
      ]
    },
    {
      "module": "module.images[4]",
      "mode": "data",
      "type": "google_compute_image",
      "name": "coreos",
      "provider": "provider[\"registry.terraform.io/hashicorp/google\"]",
      "instances": [
        {
          "schema_version": 0,
          "attributes": {
            "archive_size_bytes": 1300890432,
            "creation_timestamp": "2022-06-03T15:07:33.867-07:00",
            "description": "Google, Container-Optimized OS, 97-16919.29.40 stable, Kernel: COS-5.10.107 Kubernetes: 1.23.3 Docker: 20.10.12 Family: cos-stable, supports Shielded VM features, supports Confidential VM features on N2D",
            "disk_size_gb": 10,
            "family": "cos-stable",
            "filter": null,
            "id": "projects/cos-cloud/global/images/cos-stable-97-16919-29-40",
            "image_encryption_key_sha256": "",
            "image_id": "5440386440791275722",
            "label_fingerprint": "cv1EMzLCn1k=",
            "labels": {
              "build_number": "16919-29-40",
              "milestone": "97"
            },
            "licenses": [
              "https://www.googleapis.com/compute/v1/projects/cos-cloud/global/licenses/cos-pcid",
              "https://www.googleapis.com/compute/v1/projects/cos-cloud-shielded/global/licenses/shielded-cos",
              "https://www.googleapis.com/compute/v1/projects/cos-cloud/global/licenses/cos"
            ],
            "name": "cos-stable-97-16919-29-40",
            "project": "cos-cloud",
            "self_link": "https://www.googleapis.com/compute/v1/projects/cos-cloud/global/images/cos-stable-97-16919-29-40",
            "source_disk": "",
            "source_disk_encryption_key_sha256": "",
            "source_disk_id": "",
            "source_image_id": "",
            "status": "READY"
          },
          "sensitive_attributes": []
        }
      ]
    },
    {
      "module": "module.images[5]",
      "mode": "data",
      "type": "google_compute_image",
      "name": "coreos",
      "provider": "provider[\"registry.terraform.io/hashicorp/google\"]",
      "instances": [
        {
          "schema_version": 0,
          "attributes": {
            "archive_size_bytes": 1300890432,
            "creation_timestamp": "2022-06-03T15:07:33.867-07:00",
            "description": "Google, Container-Optimized OS, 97-16919.29.40 stable, Kernel: COS-5.10.107 Kubernetes: 1.23.3 Docker: 20.10.12 Family: cos-stable, supports Shielded VM features, supports Confidential VM features on N2D",
            "disk_size_gb": 10,
            "family": "cos-stable",
            "filter": null,
            "id": "projects/cos-cloud/global/images/cos-stable-97-16919-29-40",
            "image_encryption_key_sha256": "",
            "image_id": "5440386440791275722",
            "label_fingerprint": "cv1EMzLCn1k=",
            "labels": {
              "build_number": "16919-29-40",
              "milestone": "97"
            },
            "licenses": [
              "https://www.googleapis.com/compute/v1/projects/cos-cloud/global/licenses/cos-pcid",
              "https://www.googleapis.com/compute/v1/projects/cos-cloud-shielded/global/licenses/shielded-cos",
              "https://www.googleapis.com/compute/v1/projects/cos-cloud/global/licenses/cos"
            ],
            "name": "cos-stable-97-16919-29-40",
            "project": "cos-cloud",
            "self_link": "https://www.googleapis.com/compute/v1/projects/cos-cloud/global/images/cos-stable-97-16919-29-40",
            "source_disk": "",
            "source_disk_encryption_key_sha256": "",
            "source_disk_id": "",
            "source_image_id": "",
            "status": "READY"
          },
          "sensitive_attributes": []
        }
      ]
    }
  ]
}
