{
  "version": 4,
  "terraform_version": "1.2.2",
  "serial": 104,
  "lineage": "9bb57990-a22f-f4b8-2445-0057deec8214",
  "outputs": {},
  "resources": [
    {
      "mode": "managed",
      "type": "google_dns_managed_zone",
      "name": "stridenet-network-sub-zone",
      "provider": "provider[\"registry.terraform.io/hashicorp/google\"]",
      "instances": [
        {
          "schema_version": 0,
          "attributes": {
            "description": "Managed by Terraform",
            "dns_name": "testnet.stridenet.co.",
            "dnssec_config": [],
            "force_destroy": false,
            "forwarding_config": [],
            "id": "projects/stride-nodes/managedZones/testnet-stridenet",
            "labels": {},
            "name": "testnet-stridenet",
            "name_servers": [
              "ns-cloud-d1.googledomains.com.",
              "ns-cloud-d2.googledomains.com.",
              "ns-cloud-d3.googledomains.com.",
              "ns-cloud-d4.googledomains.com."
            ],
            "peering_config": [],
            "private_visibility_config": [],
            "project": "stride-nodes",
            "timeouts": null,
            "visibility": "public"
          },
          "sensitive_attributes": [],
          "private": "eyJlMmJmYjczMC1lY2FhLTExZTYtOGY4OC0zNDM2M2JjN2M0YzAiOnsiY3JlYXRlIjoxMjAwMDAwMDAwMDAwLCJkZWxldGUiOjEyMDAwMDAwMDAwMDAsInVwZGF0ZSI6MTIwMDAwMDAwMDAwMH19"
        }
      ]
    },
    {
      "mode": "managed",
      "type": "google_dns_record_set",
      "name": "stridenet-sub-zone-name-service",
      "provider": "provider[\"registry.terraform.io/hashicorp/google\"]",
      "instances": [
        {
          "schema_version": 0,
          "attributes": {
            "id": "projects/stride-nodes/managedZones/testnet-stridenet/rrsets/testnet.stridenet.co./SOA",
            "managed_zone": "testnet-stridenet",
            "name": "testnet.stridenet.co.",
            "project": "stride-nodes",
            "routing_policy": [],
            "rrdatas": [
              "ns-cloud-d1.googledomains.com. cloud-dns-hostmaster.google.com. 1 21600 3600 259200 300"
            ],
            "ttl": 21600,
            "type": "SOA"
          },
          "sensitive_attributes": [],
          "private": "bnVsbA==",
          "dependencies": [
            "google_dns_managed_zone.stridenet-network-sub-zone"
          ]
        }
      ]
    }
  ]
}
